// !$*UTF8*$!
{
	archiveVersion = 1;
	classes = {
	};
	objectVersion = 50;
	objects = {

/* Begin PBXBuildFile section */
		EC460BAF24C5395E00771F34 /* AppDelegate.swift in Sources */ = {isa = PBXBuildFile; fileRef = EC460BAE24C5395E00771F34 /* AppDelegate.swift */; };
		EC460BB124C5395E00771F34 /* SceneDelegate.swift in Sources */ = {isa = PBXBuildFile; fileRef = EC460BB024C5395E00771F34 /* SceneDelegate.swift */; };
		EC460BB324C5395E00771F34 /* ViewController.swift in Sources */ = {isa = PBXBuildFile; fileRef = EC460BB224C5395E00771F34 /* ViewController.swift */; };
		EC460BB624C5395E00771F34 /* Main.storyboard in Resources */ = {isa = PBXBuildFile; fileRef = EC460BB424C5395E00771F34 /* Main.storyboard */; };
		EC460BB924C5395E00771F34 /* DoctorTest.xcdatamodeld in Sources */ = {isa = PBXBuildFile; fileRef = EC460BB724C5395E00771F34 /* DoctorTest.xcdatamodeld */; };
		EC460BBB24C5396000771F34 /* Assets.xcassets in Resources */ = {isa = PBXBuildFile; fileRef = EC460BBA24C5396000771F34 /* Assets.xcassets */; };
		EC460BBE24C5396000771F34 /* LaunchScreen.storyboard in Resources */ = {isa = PBXBuildFile; fileRef = EC460BBC24C5396000771F34 /* LaunchScreen.storyboard */; };
		EC460BC924C5396100771F34 /* DoctorTestTests.swift in Sources */ = {isa = PBXBuildFile; fileRef = EC460BC824C5396100771F34 /* DoctorTestTests.swift */; };
/* End PBXBuildFile section */

/* Begin PBXContainerItemProxy section */
		EC460BC524C5396100771F34 /* PBXContainerItemProxy */ = {
			isa = PBXContainerItemProxy;
			containerPortal = EC460BA324C5395E00771F34 /* Project object */;
			proxyType = 1;
			remoteGlobalIDString = EC460BAA24C5395E00771F34;
			remoteInfo = DoctorTest;
		};
/* End PBXContainerItemProxy section */

/* Begin PBXFileReference section */
		EC460BAB24C5395E00771F34 /* DoctorTest.app */ = {isa = PBXFileReference; explicitFileType = wrapper.application; includeInIndex = 0; path = DoctorTest.app; sourceTree = BUILT_PRODUCTS_DIR; };
		EC460BAE24C5395E00771F34 /* AppDelegate.swift */ = {isa = PBXFileReference; lastKnownFileType = sourcecode.swift; path = AppDelegate.swift; sourceTree = "<group>"; };
		EC460BB024C5395E00771F34 /* SceneDelegate.swift */ = {isa = PBXFileReference; lastKnownFileType = sourcecode.swift; path = SceneDelegate.swift; sourceTree = "<group>"; };
		EC460BB224C5395E00771F34 /* ViewController.swift */ = {isa = PBXFileReference; lastKnownFileType = sourcecode.swift; path = ViewController.swift; sourceTree = "<group>"; };
		EC460BB524C5395E00771F34 /* Base */ = {isa = PBXFileReference; lastKnownFileType = file.storyboard; name = Base; path = Base.lproj/Main.storyboard; sourceTree = "<group>"; };
		EC460BB824C5395E00771F34 /* DoctorTest.xcdatamodel */ = {isa = PBXFileReference; lastKnownFileType = wrapper.xcdatamodel; path = DoctorTest.xcdatamodel; sourceTree = "<group>"; };
		EC460BBA24C5396000771F34 /* Assets.xcassets */ = {isa = PBXFileReference; lastKnownFileType = folder.assetcatalog; path = Assets.xcassets; sourceTree = "<group>"; };
		EC460BBD24C5396000771F34 /* Base */ = {isa = PBXFileReference; lastKnownFileType = file.storyboard; name = Base; path = Base.lproj/LaunchScreen.storyboard; sourceTree = "<group>"; };
		EC460BBF24C5396000771F34 /* Info.plist */ = {isa = PBXFileReference; lastKnownFileType = text.plist.xml; path = Info.plist; sourceTree = "<group>"; };
		EC460BC424C5396100771F34 /* DoctorTestTests.xctest */ = {isa = PBXFileReference; explicitFileType = wrapper.cfbundle; includeInIndex = 0; path = DoctorTestTests.xctest; sourceTree = BUILT_PRODUCTS_DIR; };
		EC460BC824C5396100771F34 /* DoctorTestTests.swift */ = {isa = PBXFileReference; lastKnownFileType = sourcecode.swift; path = DoctorTestTests.swift; sourceTree = "<group>"; };
		EC460BCA24C5396100771F34 /* Info.plist */ = {isa = PBXFileReference; lastKnownFileType = text.plist.xml; path = Info.plist; sourceTree = "<group>"; };
/* End PBXFileReference section */

/* Begin PBXFrameworksBuildPhase section */
		EC460BA824C5395E00771F34 /* Frameworks */ = {
			isa = PBXFrameworksBuildPhase;
			buildActionMask = 2147483647;
			files = (
			);
			runOnlyForDeploymentPostprocessing = 0;
		};
		EC460BC124C5396100771F34 /* Frameworks */ = {
			isa = PBXFrameworksBuildPhase;
			buildActionMask = 2147483647;
			files = (
			);
			runOnlyForDeploymentPostprocessing = 0;
		};
/* End PBXFrameworksBuildPhase section */

/* Begin PBXGroup section */
		EC460BA224C5395E00771F34 = {
			isa = PBXGroup;
			children = (
				EC460BAD24C5395E00771F34 /* DoctorTest */,
				EC460BC724C5396100771F34 /* DoctorTestTests */,
				EC460BAC24C5395E00771F34 /* Products */,
			);
			sourceTree = "<group>";
		};
		EC460BAC24C5395E00771F34 /* Products */ = {
			isa = PBXGroup;
			children = (
				EC460BAB24C5395E00771F34 /* DoctorTest.app */,
				EC460BC424C5396100771F34 /* DoctorTestTests.xctest */,
			);
			name = Products;
			sourceTree = "<group>";
		};
		EC460BAD24C5395E00771F34 /* DoctorTest */ = {
			isa = PBXGroup;
			children = (
				EC460BAE24C5395E00771F34 /* AppDelegate.swift */,
				EC460BB024C5395E00771F34 /* SceneDelegate.swift */,
				EC460BB224C5395E00771F34 /* ViewController.swift */,
				EC460BB424C5395E00771F34 /* Main.storyboard */,
				EC460BBA24C5396000771F34 /* Assets.xcassets */,
				EC460BBC24C5396000771F34 /* LaunchScreen.storyboard */,
				EC460BBF24C5396000771F34 /* Info.plist */,
				EC460BB724C5395E00771F34 /* DoctorTest.xcdatamodeld */,
			);
			path = DoctorTest;
			sourceTree = "<group>";
		};
		EC460BC724C5396100771F34 /* DoctorTestTests */ = {
			isa = PBXGroup;
			children = (
				EC460BC824C5396100771F34 /* DoctorTestTests.swift */,
				EC460BCA24C5396100771F34 /* Info.plist */,
			);
			path = DoctorTestTests;
			sourceTree = "<group>";
		};
/* End PBXGroup section */

/* Begin PBXNativeTarget section */
		EC460BAA24C5395E00771F34 /* DoctorTest */ = {
			isa = PBXNativeTarget;
			buildConfigurationList = EC460BCD24C5396100771F34 /* Build configuration list for PBXNativeTarget "DoctorTest" */;
			buildPhases = (
				EC460BA724C5395E00771F34 /* Sources */,
				EC460BA824C5395E00771F34 /* Frameworks */,
				EC460BA924C5395E00771F34 /* Resources */,
			);
			buildRules = (
			);
			dependencies = (
			);
			name = DoctorTest;
			productName = DoctorTest;
			productReference = EC460BAB24C5395E00771F34 /* DoctorTest.app */;
			productType = "com.apple.product-type.application";
		};
		EC460BC324C5396100771F34 /* DoctorTestTests */ = {
			isa = PBXNativeTarget;
			buildConfigurationList = EC460BD024C5396100771F34 /* Build configuration list for PBXNativeTarget "DoctorTestTests" */;
			buildPhases = (
				EC460BC024C5396100771F34 /* Sources */,
				EC460BC124C5396100771F34 /* Frameworks */,
				EC460BC224C5396100771F34 /* Resources */,
			);
			buildRules = (
			);
			dependencies = (
				EC460BC624C5396100771F34 /* PBXTargetDependency */,
			);
			name = DoctorTestTests;
			productName = DoctorTestTests;
			productReference = EC460BC424C5396100771F34 /* DoctorTestTests.xctest */;
			productType = "com.apple.product-type.bundle.unit-test";
		};
/* End PBXNativeTarget section */

/* Begin PBXProject section */
		EC460BA324C5395E00771F34 /* Project object */ = {
			isa = PBXProject;
			attributes = {
				LastSwiftUpdateCheck = 1150;
				LastUpgradeCheck = 1150;
				ORGANIZATIONNAME = "tan vu";
				TargetAttributes = {
					EC460BAA24C5395E00771F34 = {
						CreatedOnToolsVersion = 11.5;
					};
					EC460BC324C5396100771F34 = {
						CreatedOnToolsVersion = 11.5;
						TestTargetID = EC460BAA24C5395E00771F34;
					};
				};
			};
			buildConfigurationList = EC460BA624C5395E00771F34 /* Build configuration list for PBXProject "DoctorTest" */;
			compatibilityVersion = "Xcode 9.3";
			developmentRegion = en;
			hasScannedForEncodings = 0;
			knownRegions = (
				en,
				Base,
			);
			mainGroup = EC460BA224C5395E00771F34;
			productRefGroup = EC460BAC24C5395E00771F34 /* Products */;
			projectDirPath = "";
			projectRoot = "";
			targets = (
				EC460BAA24C5395E00771F34 /* DoctorTest */,
				EC460BC324C5396100771F34 /* DoctorTestTests */,
			);
		};
/* End PBXProject section */

/* Begin PBXResourcesBuildPhase section */
		EC460BA924C5395E00771F34 /* Resources */ = {
			isa = PBXResourcesBuildPhase;
			buildActionMask = 2147483647;
			files = (
				EC460BBE24C5396000771F34 /* LaunchScreen.storyboard in Resources */,
				EC460BBB24C5396000771F34 /* Assets.xcassets in Resources */,
				EC460BB624C5395E00771F34 /* Main.storyboard in Resources */,
			);
			runOnlyForDeploymentPostprocessing = 0;
		};
		EC460BC224C5396100771F34 /* Resources */ = {
			isa = PBXResourcesBuildPhase;
			buildActionMask = 2147483647;
			files = (
			);
			runOnlyForDeploymentPostprocessing = 0;
		};
/* End PBXResourcesBuildPhase section */

/* Begin PBXSourcesBuildPhase section */
		EC460BA724C5395E00771F34 /* Sources */ = {
			isa = PBXSourcesBuildPhase;
			buildActionMask = 2147483647;
			files = (
				EC460BB324C5395E00771F34 /* ViewController.swift in Sources */,
				EC460BAF24C5395E00771F34 /* AppDelegate.swift in Sources */,
				EC460BB924C5395E00771F34 /* DoctorTest.xcdatamodeld in Sources */,
				EC460BB124C5395E00771F34 /* SceneDelegate.swift in Sources */,
			);
			runOnlyForDeploymentPostprocessing = 0;
		};
		EC460BC024C5396100771F34 /* Sources */ = {
			isa = PBXSourcesBuildPhase;
			buildActionMask = 2147483647;
			files = (
				EC460BC924C5396100771F34 /* DoctorTestTests.swift in Sources */,
			);
			runOnlyForDeploymentPostprocessing = 0;
		};
/* End PBXSourcesBuildPhase section */

/* Begin PBXTargetDependency section */
		EC460BC624C5396100771F34 /* PBXTargetDependency */ = {
			isa = PBXTargetDependency;
			target = EC460BAA24C5395E00771F34 /* DoctorTest */;
			targetProxy = EC460BC524C5396100771F34 /* PBXContainerItemProxy */;
		};
/* End PBXTargetDependency section */

/* Begin PBXVariantGroup section */
		EC460BB424C5395E00771F34 /* Main.storyboard */ = {
			isa = PBXVariantGroup;
			children = (
				EC460BB524C5395E00771F34 /* Base */,
			);
			name = Main.storyboard;
			sourceTree = "<group>";
		};
		EC460BBC24C5396000771F34 /* LaunchScreen.storyboard */ = {
			isa = PBXVariantGroup;
			children = (
				EC460BBD24C5396000771F34 /* Base */,
			);
			name = LaunchScreen.storyboard;
			sourceTree = "<group>";
		};
/* End PBXVariantGroup section */

/* Begin XCBuildConfiguration section */
		EC460BCB24C5396100771F34 /* Debug */ = {
			isa = XCBuildConfiguration;
			buildSettings = {
				ALWAYS_SEARCH_USER_PATHS = NO;
				CLANG_ANALYZER_NONNULL = YES;
				CLANG_ANALYZER_NUMBER_OBJECT_CONVERSION = YES_AGGRESSIVE;
				CLANG_CXX_LANGUAGE_STANDARD = "gnu++14";
				CLANG_CXX_LIBRARY = "libc++";
				CLANG_ENABLE_MODULES = YES;
				CLANG_ENABLE_OBJC_ARC = YES;
				CLANG_ENABLE_OBJC_WEAK = YES;
				CLANG_WARN_BLOCK_CAPTURE_AUTORELEASING = YES;
				CLANG_WARN_BOOL_CONVERSION = YES;
				CLANG_WARN_COMMA = YES;
				CLANG_WARN_CONSTANT_CONVERSION = YES;
				CLANG_WARN_DEPRECATED_OBJC_IMPLEMENTATIONS = YES;
				CLANG_WARN_DIRECT_OBJC_ISA_USAGE = YES_ERROR;
				CLANG_WARN_DOCUMENTATION_COMMENTS = YES;
				CLANG_WARN_EMPTY_BODY = YES;
				CLANG_WARN_ENUM_CONVERSION = YES;
				CLANG_WARN_INFINITE_RECURSION = YES;
				CLANG_WARN_INT_CONVERSION = YES;
				CLANG_WARN_NON_LITERAL_NULL_CONVERSION = YES;
				CLANG_WARN_OBJC_IMPLICIT_RETAIN_SELF = YES;
				CLANG_WARN_OBJC_LITERAL_CONVERSION = YES;
				CLANG_WARN_OBJC_ROOT_CLASS = YES_ERROR;
				CLANG_WARN_RANGE_LOOP_ANALYSIS = YES;
				CLANG_WARN_STRICT_PROTOTYPES = YES;
				CLANG_WARN_SUSPICIOUS_MOVE = YES;
				CLANG_WARN_UNGUARDED_AVAILABILITY = YES_AGGRESSIVE;
				CLANG_WARN_UNREACHABLE_CODE = YES;
				CLANG_WARN__DUPLICATE_METHOD_MATCH = YES;
				COPY_PHASE_STRIP = NO;
				DEBUG_INFORMATION_FORMAT = dwarf;
				ENABLE_STRICT_OBJC_MSGSEND = YES;
				ENABLE_TESTABILITY = YES;
				GCC_C_LANGUAGE_STANDARD = gnu11;
				GCC_DYNAMIC_NO_PIC = NO;
				GCC_NO_COMMON_BLOCKS = YES;
				GCC_OPTIMIZATION_LEVEL = 0;
				GCC_PREPROCESSOR_DEFINITIONS = (
					"DEBUG=1",
					"$(inherited)",
				);
				GCC_WARN_64_TO_32_BIT_CONVERSION = YES;
				GCC_WARN_ABOUT_RETURN_TYPE = YES_ERROR;
				GCC_WARN_UNDECLARED_SELECTOR = YES;
				GCC_WARN_UNINITIALIZED_AUTOS = YES_AGGRESSIVE;
				GCC_WARN_UNUSED_FUNCTION = YES;
				GCC_WARN_UNUSED_VARIABLE = YES;
				IPHONEOS_DEPLOYMENT_TARGET = 13.5;
				MTL_ENABLE_DEBUG_INFO = INCLUDE_SOURCE;
				MTL_FAST_MATH = YES;
				ONLY_ACTIVE_ARCH = YES;
				SDKROOT = iphoneos;
				SWIFT_ACTIVE_COMPILATION_CONDITIONS = DEBUG;
				SWIFT_OPTIMIZATION_LEVEL = "-Onone";
			};
			name = Debug;
		};
		EC460BCC24C5396100771F34 /* Release */ = {
			isa = XCBuildConfiguration;
			buildSettings = {
				ALWAYS_SEARCH_USER_PATHS = NO;
				CLANG_ANALYZER_NONNULL = YES;
				CLANG_ANALYZER_NUMBER_OBJECT_CONVERSION = YES_AGGRESSIVE;
				CLANG_CXX_LANGUAGE_STANDARD = "gnu++14";
				CLANG_CXX_LIBRARY = "libc++";
				CLANG_ENABLE_MODULES = YES;
				CLANG_ENABLE_OBJC_ARC = YES;
				CLANG_ENABLE_OBJC_WEAK = YES;
				CLANG_WARN_BLOCK_CAPTURE_AUTORELEASING = YES;
				CLANG_WARN_BOOL_CONVERSION = YES;
				CLANG_WARN_COMMA = YES;
				CLANG_WARN_CONSTANT_CONVERSION = YES;
				CLANG_WARN_DEPRECATED_OBJC_IMPLEMENTATIONS = YES;
				CLANG_WARN_DIRECT_OBJC_ISA_USAGE = YES_ERROR;
				CLANG_WARN_DOCUMENTATION_COMMENTS = YES;
				CLANG_WARN_EMPTY_BODY = YES;
				CLANG_WARN_ENUM_CONVERSION = YES;
				CLANG_WARN_INFINITE_RECURSION = YES;
				CLANG_WARN_INT_CONVERSION = YES;
				CLANG_WARN_NON_LITERAL_NULL_CONVERSION = YES;
				CLANG_WARN_OBJC_IMPLICIT_RETAIN_SELF = YES;
				CLANG_WARN_OBJC_LITERAL_CONVERSION = YES;
				CLANG_WARN_OBJC_ROOT_CLASS = YES_ERROR;
				CLANG_WARN_RANGE_LOOP_ANALYSIS = YES;
				CLANG_WARN_STRICT_PROTOTYPES = YES;
				CLANG_WARN_SUSPICIOUS_MOVE = YES;
				CLANG_WARN_UNGUARDED_AVAILABILITY = YES_AGGRESSIVE;
				CLANG_WARN_UNREACHABLE_CODE = YES;
				CLANG_WARN__DUPLICATE_METHOD_MATCH = YES;
				COPY_PHASE_STRIP = NO;
				DEBUG_INFORMATION_FORMAT = "dwarf-with-dsym";
				ENABLE_NS_ASSERTIONS = NO;
				ENABLE_STRICT_OBJC_MSGSEND = YES;
				GCC_C_LANGUAGE_STANDARD = gnu11;
				GCC_NO_COMMON_BLOCKS = YES;
				GCC_WARN_64_TO_32_BIT_CONVERSION = YES;
				GCC_WARN_ABOUT_RETURN_TYPE = YES_ERROR;
				GCC_WARN_UNDECLARED_SELECTOR = YES;
				GCC_WARN_UNINITIALIZED_AUTOS = YES_AGGRESSIVE;
				GCC_WARN_UNUSED_FUNCTION = YES;
				GCC_WARN_UNUSED_VARIABLE = YES;
				IPHONEOS_DEPLOYMENT_TARGET = 13.5;
				MTL_ENABLE_DEBUG_INFO = NO;
				MTL_FAST_MATH = YES;
				SDKROOT = iphoneos;
				SWIFT_COMPILATION_MODE = wholemodule;
				SWIFT_OPTIMIZATION_LEVEL = "-O";
				VALIDATE_PRODUCT = YES;
			};
			name = Release;
		};
		EC460BCE24C5396100771F34 /* Debug */ = {
			isa = XCBuildConfiguration;
			buildSettings = {
				ASSETCATALOG_COMPILER_APPICON_NAME = AppIcon;
				CODE_SIGN_STYLE = Automatic;
				DEVELOPMENT_TEAM = 295283YKBX;
				INFOPLIST_FILE = DoctorTest/Info.plist;
				LD_RUNPATH_SEARCH_PATHS = (
					"$(inherited)",
					"@executable_path/Frameworks",
				);
				PRODUCT_BUNDLE_IDENTIFIER = tan.vu.DoctorTest;
				PRODUCT_NAME = "$(TARGET_NAME)";
				SWIFT_VERSION = 5.0;
				TARGETED_DEVICE_FAMILY = "1,2";
			};
			name = Debug;
		};
		EC460BCF24C5396100771F34 /* Release */ = {
			isa = XCBuildConfiguration;
			buildSettings = {
				ASSETCATALOG_COMPILER_APPICON_NAME = AppIcon;
				CODE_SIGN_STYLE = Automatic;
				DEVELOPMENT_TEAM = 295283YKBX;
				INFOPLIST_FILE = DoctorTest/Info.plist;
				LD_RUNPATH_SEARCH_PATHS = (
					"$(inherited)",
					"@executable_path/Frameworks",
				);
				PRODUCT_BUNDLE_IDENTIFIER = tan.vu.DoctorTest;
				PRODUCT_NAME = "$(TARGET_NAME)";
				SWIFT_VERSION = 5.0;
				TARGETED_DEVICE_FAMILY = "1,2";
			};
			name = Release;
		};
		EC460BD124C5396100771F34 /* Debug */ = {
			isa = XCBuildConfiguration;
			buildSettings = {
				ALWAYS_EMBED_SWIFT_STANDARD_LIBRARIES = YES;
				BUNDLE_LOADER = "$(TEST_HOST)";
				CODE_SIGN_STYLE = Automatic;
				DEVELOPMENT_TEAM = 295283YKBX;
				INFOPLIST_FILE = DoctorTestTests/Info.plist;
				IPHONEOS_DEPLOYMENT_TARGET = 13.5;
				LD_RUNPATH_SEARCH_PATHS = (
					"$(inherited)",
					"@executable_path/Frameworks",
					"@loader_path/Frameworks",
				);
				PRODUCT_BUNDLE_IDENTIFIER = tan.vu.DoctorTestTests;
				PRODUCT_NAME = "$(TARGET_NAME)";
				SWIFT_VERSION = 5.0;
				TARGETED_DEVICE_FAMILY = "1,2";
				TEST_HOST = "$(BUILT_PRODUCTS_DIR)/DoctorTest.app/DoctorTest";
			};
			name = Debug;
		};
		EC460BD224C5396100771F34 /* Release */ = {
			isa = XCBuildConfiguration;
			buildSettings = {
				ALWAYS_EMBED_SWIFT_STANDARD_LIBRARIES = YES;
				BUNDLE_LOADER = "$(TEST_HOST)";
				CODE_SIGN_STYLE = Automatic;
				DEVELOPMENT_TEAM = 295283YKBX;
				INFOPLIST_FILE = DoctorTestTests/Info.plist;
				IPHONEOS_DEPLOYMENT_TARGET = 13.5;
				LD_RUNPATH_SEARCH_PATHS = (
					"$(inherited)",
					"@executable_path/Frameworks",
					"@loader_path/Frameworks",
				);
				PRODUCT_BUNDLE_IDENTIFIER = tan.vu.DoctorTestTests;
				PRODUCT_NAME = "$(TARGET_NAME)";
				SWIFT_VERSION = 5.0;
				TARGETED_DEVICE_FAMILY = "1,2";
				TEST_HOST = "$(BUILT_PRODUCTS_DIR)/DoctorTest.app/DoctorTest";
			};
			name = Release;
		};
/* End XCBuildConfiguration section */

/* Begin XCConfigurationList section */
		EC460BA624C5395E00771F34 /* Build configuration list for PBXProject "DoctorTest" */ = {
			isa = XCConfigurationList;
			buildConfigurations = (
				EC460BCB24C5396100771F34 /* Debug */,
				EC460BCC24C5396100771F34 /* Release */,
			);
			defaultConfigurationIsVisible = 0;
			defaultConfigurationName = Release;
		};
		EC460BCD24C5396100771F34 /* Build configuration list for PBXNativeTarget "DoctorTest" */ = {
			isa = XCConfigurationList;
			buildConfigurations = (
				EC460BCE24C5396100771F34 /* Debug */,
				EC460BCF24C5396100771F34 /* Release */,
			);
			defaultConfigurationIsVisible = 0;
			defaultConfigurationName = Release;
		};
		EC460BD024C5396100771F34 /* Build configuration list for PBXNativeTarget "DoctorTestTests" */ = {
			isa = XCConfigurationList;
			buildConfigurations = (
				EC460BD124C5396100771F34 /* Debug */,
				EC460BD224C5396100771F34 /* Release */,
			);
			defaultConfigurationIsVisible = 0;
			defaultConfigurationName = Release;
		};
/* End XCConfigurationList section */

/* Begin XCVersionGroup section */
		EC460BB724C5395E00771F34 /* DoctorTest.xcdatamodeld */ = {
			isa = XCVersionGroup;
			children = (
				EC460BB824C5395E00771F34 /* DoctorTest.xcdatamodel */,
			);
			currentVersion = EC460BB824C5395E00771F34 /* DoctorTest.xcdatamodel */;
			path = DoctorTest.xcdatamodeld;
			sourceTree = "<group>";
			versionGroupType = wrapper.xcdatamodel;
		};
/* End XCVersionGroup section */
	};
	rootObject = EC460BA324C5395E00771F34 /* Project object */;
}
