// !$*UTF8*$!
{
	archiveVersion = 1;
	classes = {
	};
	objectVersion = 51;
	objects = {

/* Begin PBXBuildFile section */
		CB0B3829BA3A4CE836A550D1 /* Pods_DoctorTestTests.framework in Frameworks */ = {isa = PBXBuildFile; fileRef = 1A872D16AD066B1259A27820 /* Pods_DoctorTestTests.framework */; };
		EC460BAF24C5395E00771F34 /* AppDelegate.swift in Sources */ = {isa = PBXBuildFile; fileRef = EC460BAE24C5395E00771F34 /* AppDelegate.swift */; };
		EC460BB324C5395E00771F34 /* ViewController.swift in Sources */ = {isa = PBXBuildFile; fileRef = EC460BB224C5395E00771F34 /* ViewController.swift */; };
		EC460BB924C5395E00771F34 /* DoctorTest.xcdatamodeld in Sources */ = {isa = PBXBuildFile; fileRef = EC460BB724C5395E00771F34 /* DoctorTest.xcdatamodeld */; };
		EC460BBB24C5396000771F34 /* Assets.xcassets in Resources */ = {isa = PBXBuildFile; fileRef = EC460BBA24C5396000771F34 /* Assets.xcassets */; };
		EC460BBE24C5396000771F34 /* LaunchScreen.storyboard in Resources */ = {isa = PBXBuildFile; fileRef = EC460BBC24C5396000771F34 /* LaunchScreen.storyboard */; };
		EC460BC924C5396100771F34 /* DoctorTestTests.swift in Sources */ = {isa = PBXBuildFile; fileRef = EC460BC824C5396100771F34 /* DoctorTestTests.swift */; };
		EC460BD924C53A0D00771F34 /* BindableType.swift in Sources */ = {isa = PBXBuildFile; fileRef = EC460BD524C53A0C00771F34 /* BindableType.swift */; };
		EC460BDA24C53A0D00771F34 /* ErrorTracker.swift in Sources */ = {isa = PBXBuildFile; fileRef = EC460BD624C53A0C00771F34 /* ErrorTracker.swift */; };
		EC460BDB24C53A0D00771F34 /* ViewModelType.swift in Sources */ = {isa = PBXBuildFile; fileRef = EC460BD724C53A0C00771F34 /* ViewModelType.swift */; };
		EC460BDF24C53A1B00771F34 /* Assembler.swift in Sources */ = {isa = PBXBuildFile; fileRef = EC460BDE24C53A1B00771F34 /* Assembler.swift */; };
		EC460BE224C53A3B00771F34 /* Constants.swift in Sources */ = {isa = PBXBuildFile; fileRef = EC460BE124C53A3B00771F34 /* Constants.swift */; };
		EC460BEC24C53A4000771F34 /* NetworkUseCaseType.swift in Sources */ = {isa = PBXBuildFile; fileRef = EC460BE824C53A4000771F34 /* NetworkUseCaseType.swift */; };
		EC460BED24C53A4000771F34 /* UseCaseType.swift in Sources */ = {isa = PBXBuildFile; fileRef = EC460BE924C53A4000771F34 /* UseCaseType.swift */; };
		EC460BF524C53A4700771F34 /* Date+Extension.swift in Sources */ = {isa = PBXBuildFile; fileRef = EC460BEF24C53A4700771F34 /* Date+Extension.swift */; };
		EC460BF624C53A4700771F34 /* UIViewController+Extension.swift in Sources */ = {isa = PBXBuildFile; fileRef = EC460BF024C53A4700771F34 /* UIViewController+Extension.swift */; };
		EC460BF724C53A4700771F34 /* String+Extension.swift in Sources */ = {isa = PBXBuildFile; fileRef = EC460BF124C53A4700771F34 /* String+Extension.swift */; };
		EC460BF824C53A4700771F34 /* UIColor+Ext.swift in Sources */ = {isa = PBXBuildFile; fileRef = EC460BF224C53A4700771F34 /* UIColor+Ext.swift */; };
		EC460BF924C53A4700771F34 /* Observable+.swift in Sources */ = {isa = PBXBuildFile; fileRef = EC460BF324C53A4700771F34 /* Observable+.swift */; };
		EC460BFA24C53A4700771F34 /* UIView+Ext.swift in Sources */ = {isa = PBXBuildFile; fileRef = EC460BF424C53A4700771F34 /* UIView+Ext.swift */; };
		EC460C1424C53A4D00771F34 /* NetworkRepository.swift in Sources */ = {isa = PBXBuildFile; fileRef = EC460C0124C53A4D00771F34 /* NetworkRepository.swift */; };
		EC460C1824C53A4D00771F34 /* NetworkUseCase.swift in Sources */ = {isa = PBXBuildFile; fileRef = EC460C0624C53A4D00771F34 /* NetworkUseCase.swift */; };
		EC460C1924C53A4D00771F34 /* API+Login.swift in Sources */ = {isa = PBXBuildFile; fileRef = EC460C0824C53A4D00771F34 /* API+Login.swift */; };
		EC460C1A24C53A4D00771F34 /* APIInputBase.swift in Sources */ = {isa = PBXBuildFile; fileRef = EC460C0A24C53A4D00771F34 /* APIInputBase.swift */; };
		EC460C1B24C53A4D00771F34 /* APIError.swift in Sources */ = {isa = PBXBuildFile; fileRef = EC460C0B24C53A4D00771F34 /* APIError.swift */; };
		EC460C1C24C53A4D00771F34 /* APIService.swift in Sources */ = {isa = PBXBuildFile; fileRef = EC460C0C24C53A4D00771F34 /* APIService.swift */; };
		EC460C1D24C53A4D00771F34 /* APIResource.swift in Sources */ = {isa = PBXBuildFile; fileRef = EC460C0D24C53A4D00771F34 /* APIResource.swift */; };
		EC460C1E24C53A4D00771F34 /* APIInput.swift in Sources */ = {isa = PBXBuildFile; fileRef = EC460C0E24C53A4D00771F34 /* APIInput.swift */; };
		EC460C1F24C53A4D00771F34 /* APIOutput.swift in Sources */ = {isa = PBXBuildFile; fileRef = EC460C0F24C53A4D00771F34 /* APIOutput.swift */; };
		EC460C2024C53A4D00771F34 /* ArrayEncoding.swift in Sources */ = {isa = PBXBuildFile; fileRef = EC460C1024C53A4D00771F34 /* ArrayEncoding.swift */; };
		EC460C2124C53A4D00771F34 /* APIOutputBase.swift in Sources */ = {isa = PBXBuildFile; fileRef = EC460C1124C53A4D00771F34 /* APIOutputBase.swift */; };
		EC460C3624C53A5300771F34 /* AppAssembler.swift in Sources */ = {isa = PBXBuildFile; fileRef = EC460C2424C53A5300771F34 /* AppAssembler.swift */; };
		EC460C3724C53A5300771F34 /* AppNavigator.swift in Sources */ = {isa = PBXBuildFile; fileRef = EC460C2524C53A5300771F34 /* AppNavigator.swift */; };
		EC460C3824C53A5300771F34 /* AppViewModel.swift in Sources */ = {isa = PBXBuildFile; fileRef = EC460C2624C53A5300771F34 /* AppViewModel.swift */; };
		EC460C3924C53A5300771F34 /* AppUseCase.swift in Sources */ = {isa = PBXBuildFile; fileRef = EC460C2724C53A5300771F34 /* AppUseCase.swift */; };
		EC460C3A24C53A5300771F34 /* Storyboard.swift in Sources */ = {isa = PBXBuildFile; fileRef = EC460C2924C53A5300771F34 /* Storyboard.swift */; };
		EC460C3D24C53A5300771F34 /* LoginAssembler.swift in Sources */ = {isa = PBXBuildFile; fileRef = EC460C2E24C53A5300771F34 /* LoginAssembler.swift */; };
		EC460C3E24C53A5300771F34 /* LoginNavigator.swift in Sources */ = {isa = PBXBuildFile; fileRef = EC460C2F24C53A5300771F34 /* LoginNavigator.swift */; };
		EC460C3F24C53A5300771F34 /* LoginViewController.swift in Sources */ = {isa = PBXBuildFile; fileRef = EC460C3024C53A5300771F34 /* LoginViewController.swift */; };
		EC460C4024C53A5300771F34 /* LoginInteractor.swift in Sources */ = {isa = PBXBuildFile; fileRef = EC460C3124C53A5300771F34 /* LoginInteractor.swift */; };
		EC460C4324C53A5300771F34 /* LoginViewModel.swift in Sources */ = {isa = PBXBuildFile; fileRef = EC460C3524C53A5300771F34 /* LoginViewModel.swift */; };
		EC460C4824C53A6300771F34 /* Utilities.swift in Sources */ = {isa = PBXBuildFile; fileRef = EC460C4624C53A6300771F34 /* Utilities.swift */; };
		EC460C5A24C6971100771F34 /* Login.swift in Sources */ = {isa = PBXBuildFile; fileRef = EC460C5924C6971100771F34 /* Login.swift */; };
		EC460C5C24C6976300771F34 /* Login+Mapping.swift in Sources */ = {isa = PBXBuildFile; fileRef = EC460C5B24C6976300771F34 /* Login+Mapping.swift */; };
		EC460C8324C9707400771F34 /* CustomEncoding.swift in Sources */ = {isa = PBXBuildFile; fileRef = EC460C8224C9707400771F34 /* CustomEncoding.swift */; };
		EC56F30B24F556CA0098E51F /* TextField+Extension.swift in Sources */ = {isa = PBXBuildFile; fileRef = EC56F30A24F556CA0098E51F /* TextField+Extension.swift */; };
		EC7EFCA824D3B94F002AA9F3 /* BarcodeReaderAssembler.swift in Sources */ = {isa = PBXBuildFile; fileRef = EC7EFCA324D3B94F002AA9F3 /* BarcodeReaderAssembler.swift */; };
		EC7EFCA924D3B94F002AA9F3 /* BarcodeReaderNavigator.swift in Sources */ = {isa = PBXBuildFile; fileRef = EC7EFCA424D3B94F002AA9F3 /* BarcodeReaderNavigator.swift */; };
		EC7EFCAA24D3B94F002AA9F3 /* BarcodeReaderViewController.swift in Sources */ = {isa = PBXBuildFile; fileRef = EC7EFCA524D3B94F002AA9F3 /* BarcodeReaderViewController.swift */; };
		EC7EFCAB24D3B94F002AA9F3 /* BarcodeReaderInteractor.swift in Sources */ = {isa = PBXBuildFile; fileRef = EC7EFCA624D3B94F002AA9F3 /* BarcodeReaderInteractor.swift */; };
		EC7EFCAC24D3B94F002AA9F3 /* BarcodeReaderViewModel.swift in Sources */ = {isa = PBXBuildFile; fileRef = EC7EFCA724D3B94F002AA9F3 /* BarcodeReaderViewModel.swift */; };
		EC7EFCB324D457C5002AA9F3 /* InformationAssembler.swift in Sources */ = {isa = PBXBuildFile; fileRef = EC7EFCAE24D457C5002AA9F3 /* InformationAssembler.swift */; };
		EC7EFCB424D457C5002AA9F3 /* InformationNavigator.swift in Sources */ = {isa = PBXBuildFile; fileRef = EC7EFCAF24D457C5002AA9F3 /* InformationNavigator.swift */; };
		EC7EFCB524D457C5002AA9F3 /* InformationViewController.swift in Sources */ = {isa = PBXBuildFile; fileRef = EC7EFCB024D457C5002AA9F3 /* InformationViewController.swift */; };
		EC7EFCB624D457C5002AA9F3 /* InformationInteractor.swift in Sources */ = {isa = PBXBuildFile; fileRef = EC7EFCB124D457C5002AA9F3 /* InformationInteractor.swift */; };
		EC7EFCB724D457C5002AA9F3 /* InformationViewModel.swift in Sources */ = {isa = PBXBuildFile; fileRef = EC7EFCB224D457C5002AA9F3 /* InformationViewModel.swift */; };
		EC7EFCBE24D457F7002AA9F3 /* FinishAssembler.swift in Sources */ = {isa = PBXBuildFile; fileRef = EC7EFCB924D457F7002AA9F3 /* FinishAssembler.swift */; };
		EC7EFCBF24D457F7002AA9F3 /* FinishNavigator.swift in Sources */ = {isa = PBXBuildFile; fileRef = EC7EFCBA24D457F7002AA9F3 /* FinishNavigator.swift */; };
		EC7EFCC024D457F7002AA9F3 /* FinishViewController.swift in Sources */ = {isa = PBXBuildFile; fileRef = EC7EFCBB24D457F7002AA9F3 /* FinishViewController.swift */; };
		EC7EFCC124D457F7002AA9F3 /* FinishInteractor.swift in Sources */ = {isa = PBXBuildFile; fileRef = EC7EFCBC24D457F7002AA9F3 /* FinishInteractor.swift */; };
		EC7EFCC224D457F7002AA9F3 /* FinishViewModel.swift in Sources */ = {isa = PBXBuildFile; fileRef = EC7EFCBD24D457F7002AA9F3 /* FinishViewModel.swift */; };
		EC7EFCC924D4582B002AA9F3 /* ServerConfigAssembler.swift in Sources */ = {isa = PBXBuildFile; fileRef = EC7EFCC424D4582B002AA9F3 /* ServerConfigAssembler.swift */; };
		EC7EFCCA24D4582B002AA9F3 /* ServerConfigNavigator.swift in Sources */ = {isa = PBXBuildFile; fileRef = EC7EFCC524D4582B002AA9F3 /* ServerConfigNavigator.swift */; };
		EC7EFCCB24D4582B002AA9F3 /* ServerConfigViewController.swift in Sources */ = {isa = PBXBuildFile; fileRef = EC7EFCC624D4582B002AA9F3 /* ServerConfigViewController.swift */; };
		EC7EFCCC24D4582B002AA9F3 /* ServerConfigInteractor.swift in Sources */ = {isa = PBXBuildFile; fileRef = EC7EFCC724D4582B002AA9F3 /* ServerConfigInteractor.swift */; };
		EC7EFCCD24D4582B002AA9F3 /* ServerConfigViewModel.swift in Sources */ = {isa = PBXBuildFile; fileRef = EC7EFCC824D4582B002AA9F3 /* ServerConfigViewModel.swift */; };
		EC7EFCD624D46ACC002AA9F3 /* Receipt.swift in Sources */ = {isa = PBXBuildFile; fileRef = EC7EFCD524D46ACC002AA9F3 /* Receipt.swift */; };
		EC7EFCD824D46AF4002AA9F3 /* CustomerInfo.swift in Sources */ = {isa = PBXBuildFile; fileRef = EC7EFCD724D46AF4002AA9F3 /* CustomerInfo.swift */; };
		EC7EFCDA24D50066002AA9F3 /* API+Receipt.swift in Sources */ = {isa = PBXBuildFile; fileRef = EC7EFCD924D50066002AA9F3 /* API+Receipt.swift */; };
		EC7EFCDC24D500F2002AA9F3 /* Receipt+Mapping.swift in Sources */ = {isa = PBXBuildFile; fileRef = EC7EFCDB24D500F2002AA9F3 /* Receipt+Mapping.swift */; };
		EC7EFCDE24D52412002AA9F3 /* API+CustomerInfo.swift in Sources */ = {isa = PBXBuildFile; fileRef = EC7EFCDD24D52412002AA9F3 /* API+CustomerInfo.swift */; };
		EC7EFCE024D52486002AA9F3 /* CustomerInfo+Mapping.swift in Sources */ = {isa = PBXBuildFile; fileRef = EC7EFCDF24D52486002AA9F3 /* CustomerInfo+Mapping.swift */; };
		EC7EFCE824D65539002AA9F3 /* VerifyAssembler.swift in Sources */ = {isa = PBXBuildFile; fileRef = EC7EFCE324D65538002AA9F3 /* VerifyAssembler.swift */; };
		EC7EFCE924D65539002AA9F3 /* VerifyNavigator.swift in Sources */ = {isa = PBXBuildFile; fileRef = EC7EFCE424D65538002AA9F3 /* VerifyNavigator.swift */; };
		EC7EFCEA24D65539002AA9F3 /* VerifyViewController.swift in Sources */ = {isa = PBXBuildFile; fileRef = EC7EFCE524D65538002AA9F3 /* VerifyViewController.swift */; };
		EC7EFCEB24D65539002AA9F3 /* VerifyInteractor.swift in Sources */ = {isa = PBXBuildFile; fileRef = EC7EFCE624D65538002AA9F3 /* VerifyInteractor.swift */; };
		EC7EFCEC24D65539002AA9F3 /* VerifyViewModel.swift in Sources */ = {isa = PBXBuildFile; fileRef = EC7EFCE724D65539002AA9F3 /* VerifyViewModel.swift */; };
		ECD1A97024F0DF2C00960C74 /* AppDoctor.storyboard in Resources */ = {isa = PBXBuildFile; fileRef = ECD1A97224F0DF2C00960C74 /* AppDoctor.storyboard */; };
		ECD1A97924F0E50100960C74 /* Localizable.strings in Resources */ = {isa = PBXBuildFile; fileRef = ECD1A97B24F0E50100960C74 /* Localizable.strings */; };
/* End PBXBuildFile section */

/* Begin PBXContainerItemProxy section */
		EC460BC524C5396100771F34 /* PBXContainerItemProxy */ = {
			isa = PBXContainerItemProxy;
			containerPortal = EC460BA324C5395E00771F34 /* Project object */;
			proxyType = 1;
			remoteGlobalIDString = EC460BAA24C5395E00771F34;
			remoteInfo = DoctorTest;
		};
/* End PBXContainerItemProxy section */

/* Begin PBXFileReference section */
		061203912CC87B888C26ED10 /* Pods-UNIQLO.release.xcconfig */ = {isa = PBXFileReference; includeInIndex = 1; lastKnownFileType = text.xcconfig; name = "Pods-UNIQLO.release.xcconfig"; path = "Target Support Files/Pods-UNIQLO/Pods-UNIQLO.release.xcconfig"; sourceTree = "<group>"; };
		07854FA4C81EBE55FAA38D66 /* Pods-BaseProject.release.xcconfig */ = {isa = PBXFileReference; includeInIndex = 1; lastKnownFileType = text.xcconfig; name = "Pods-BaseProject.release.xcconfig"; path = "Target Support Files/Pods-BaseProject/Pods-BaseProject.release.xcconfig"; sourceTree = "<group>"; };
		1677AD9B07DBC0EF7CC559C0 /* Pods-DoctorTestTests.debug.xcconfig */ = {isa = PBXFileReference; includeInIndex = 1; lastKnownFileType = text.xcconfig; name = "Pods-DoctorTestTests.debug.xcconfig"; path = "Target Support Files/Pods-DoctorTestTests/Pods-DoctorTestTests.debug.xcconfig"; sourceTree = "<group>"; };
		1A872D16AD066B1259A27820 /* Pods_DoctorTestTests.framework */ = {isa = PBXFileReference; explicitFileType = wrapper.framework; includeInIndex = 0; path = Pods_DoctorTestTests.framework; sourceTree = BUILT_PRODUCTS_DIR; };
		2EC183E6D06A929ECD2D3340 /* Pods-DoctorTest.debug.xcconfig */ = {isa = PBXFileReference; includeInIndex = 1; lastKnownFileType = text.xcconfig; name = "Pods-DoctorTest.debug.xcconfig"; path = "Target Support Files/Pods-DoctorTest/Pods-DoctorTest.debug.xcconfig"; sourceTree = "<group>"; };
		91B96FDFF8313EEE87964305 /* Pods-DoctorTestTests.release.xcconfig */ = {isa = PBXFileReference; includeInIndex = 1; lastKnownFileType = text.xcconfig; name = "Pods-DoctorTestTests.release.xcconfig"; path = "Target Support Files/Pods-DoctorTestTests/Pods-DoctorTestTests.release.xcconfig"; sourceTree = "<group>"; };
		92CFCD16210B4B902AE9E002 /* Pods-DoctorTest.release.xcconfig */ = {isa = PBXFileReference; includeInIndex = 1; lastKnownFileType = text.xcconfig; name = "Pods-DoctorTest.release.xcconfig"; path = "Target Support Files/Pods-DoctorTest/Pods-DoctorTest.release.xcconfig"; sourceTree = "<group>"; };
		A956E5348F929D5F7CB04994 /* Pods_UNIQLO.framework */ = {isa = PBXFileReference; explicitFileType = wrapper.framework; includeInIndex = 0; path = Pods_UNIQLO.framework; sourceTree = BUILT_PRODUCTS_DIR; };
		A9E0634196BCC3413D18D821 /* Pods-UNIQLO.debug.xcconfig */ = {isa = PBXFileReference; includeInIndex = 1; lastKnownFileType = text.xcconfig; name = "Pods-UNIQLO.debug.xcconfig"; path = "Target Support Files/Pods-UNIQLO/Pods-UNIQLO.debug.xcconfig"; sourceTree = "<group>"; };
		EC460BAB24C5395E00771F34 /* UNIQLO.app */ = {isa = PBXFileReference; explicitFileType = wrapper.application; includeInIndex = 0; path = UNIQLO.app; sourceTree = BUILT_PRODUCTS_DIR; };
		EC460BAE24C5395E00771F34 /* AppDelegate.swift */ = {isa = PBXFileReference; lastKnownFileType = sourcecode.swift; path = AppDelegate.swift; sourceTree = "<group>"; };
		EC460BB224C5395E00771F34 /* ViewController.swift */ = {isa = PBXFileReference; lastKnownFileType = sourcecode.swift; path = ViewController.swift; sourceTree = "<group>"; };
		EC460BB824C5395E00771F34 /* DoctorTest.xcdatamodel */ = {isa = PBXFileReference; lastKnownFileType = wrapper.xcdatamodel; path = DoctorTest.xcdatamodel; sourceTree = "<group>"; };
		EC460BBA24C5396000771F34 /* Assets.xcassets */ = {isa = PBXFileReference; lastKnownFileType = folder.assetcatalog; path = Assets.xcassets; sourceTree = "<group>"; };
		EC460BBD24C5396000771F34 /* Base */ = {isa = PBXFileReference; lastKnownFileType = file.storyboard; name = Base; path = Base.lproj/LaunchScreen.storyboard; sourceTree = "<group>"; };
		EC460BBF24C5396000771F34 /* Info.plist */ = {isa = PBXFileReference; lastKnownFileType = text.plist.xml; path = Info.plist; sourceTree = "<group>"; };
		EC460BC424C5396100771F34 /* DoctorTestTests.xctest */ = {isa = PBXFileReference; explicitFileType = wrapper.cfbundle; includeInIndex = 0; path = DoctorTestTests.xctest; sourceTree = BUILT_PRODUCTS_DIR; };
		EC460BC824C5396100771F34 /* DoctorTestTests.swift */ = {isa = PBXFileReference; lastKnownFileType = sourcecode.swift; path = DoctorTestTests.swift; sourceTree = "<group>"; };
		EC460BCA24C5396100771F34 /* Info.plist */ = {isa = PBXFileReference; lastKnownFileType = text.plist.xml; path = Info.plist; sourceTree = "<group>"; };
		EC460BD524C53A0C00771F34 /* BindableType.swift */ = {isa = PBXFileReference; fileEncoding = 4; lastKnownFileType = sourcecode.swift; path = BindableType.swift; sourceTree = "<group>"; };
		EC460BD624C53A0C00771F34 /* ErrorTracker.swift */ = {isa = PBXFileReference; fileEncoding = 4; lastKnownFileType = sourcecode.swift; path = ErrorTracker.swift; sourceTree = "<group>"; };
		EC460BD724C53A0C00771F34 /* ViewModelType.swift */ = {isa = PBXFileReference; fileEncoding = 4; lastKnownFileType = sourcecode.swift; path = ViewModelType.swift; sourceTree = "<group>"; };
		EC460BDE24C53A1B00771F34 /* Assembler.swift */ = {isa = PBXFileReference; fileEncoding = 4; lastKnownFileType = sourcecode.swift; path = Assembler.swift; sourceTree = "<group>"; };
		EC460BE124C53A3B00771F34 /* Constants.swift */ = {isa = PBXFileReference; fileEncoding = 4; lastKnownFileType = sourcecode.swift; path = Constants.swift; sourceTree = "<group>"; };
		EC460BE824C53A4000771F34 /* NetworkUseCaseType.swift */ = {isa = PBXFileReference; fileEncoding = 4; lastKnownFileType = sourcecode.swift; path = NetworkUseCaseType.swift; sourceTree = "<group>"; };
		EC460BE924C53A4000771F34 /* UseCaseType.swift */ = {isa = PBXFileReference; fileEncoding = 4; lastKnownFileType = sourcecode.swift; path = UseCaseType.swift; sourceTree = "<group>"; };
		EC460BEF24C53A4700771F34 /* Date+Extension.swift */ = {isa = PBXFileReference; fileEncoding = 4; lastKnownFileType = sourcecode.swift; path = "Date+Extension.swift"; sourceTree = "<group>"; };
		EC460BF024C53A4700771F34 /* UIViewController+Extension.swift */ = {isa = PBXFileReference; fileEncoding = 4; lastKnownFileType = sourcecode.swift; path = "UIViewController+Extension.swift"; sourceTree = "<group>"; };
		EC460BF124C53A4700771F34 /* String+Extension.swift */ = {isa = PBXFileReference; fileEncoding = 4; lastKnownFileType = sourcecode.swift; path = "String+Extension.swift"; sourceTree = "<group>"; };
		EC460BF224C53A4700771F34 /* UIColor+Ext.swift */ = {isa = PBXFileReference; fileEncoding = 4; lastKnownFileType = sourcecode.swift; path = "UIColor+Ext.swift"; sourceTree = "<group>"; };
		EC460BF324C53A4700771F34 /* Observable+.swift */ = {isa = PBXFileReference; fileEncoding = 4; lastKnownFileType = sourcecode.swift; path = "Observable+.swift"; sourceTree = "<group>"; };
		EC460BF424C53A4700771F34 /* UIView+Ext.swift */ = {isa = PBXFileReference; fileEncoding = 4; lastKnownFileType = sourcecode.swift; path = "UIView+Ext.swift"; sourceTree = "<group>"; };
		EC460C0124C53A4D00771F34 /* NetworkRepository.swift */ = {isa = PBXFileReference; fileEncoding = 4; lastKnownFileType = sourcecode.swift; path = NetworkRepository.swift; sourceTree = "<group>"; };
		EC460C0624C53A4D00771F34 /* NetworkUseCase.swift */ = {isa = PBXFileReference; fileEncoding = 4; lastKnownFileType = sourcecode.swift; path = NetworkUseCase.swift; sourceTree = "<group>"; };
		EC460C0824C53A4D00771F34 /* API+Login.swift */ = {isa = PBXFileReference; fileEncoding = 4; lastKnownFileType = sourcecode.swift; path = "API+Login.swift"; sourceTree = "<group>"; };
		EC460C0A24C53A4D00771F34 /* APIInputBase.swift */ = {isa = PBXFileReference; fileEncoding = 4; lastKnownFileType = sourcecode.swift; path = APIInputBase.swift; sourceTree = "<group>"; };
		EC460C0B24C53A4D00771F34 /* APIError.swift */ = {isa = PBXFileReference; fileEncoding = 4; lastKnownFileType = sourcecode.swift; path = APIError.swift; sourceTree = "<group>"; };
		EC460C0C24C53A4D00771F34 /* APIService.swift */ = {isa = PBXFileReference; fileEncoding = 4; lastKnownFileType = sourcecode.swift; path = APIService.swift; sourceTree = "<group>"; };
		EC460C0D24C53A4D00771F34 /* APIResource.swift */ = {isa = PBXFileReference; fileEncoding = 4; lastKnownFileType = sourcecode.swift; path = APIResource.swift; sourceTree = "<group>"; };
		EC460C0E24C53A4D00771F34 /* APIInput.swift */ = {isa = PBXFileReference; fileEncoding = 4; lastKnownFileType = sourcecode.swift; path = APIInput.swift; sourceTree = "<group>"; };
		EC460C0F24C53A4D00771F34 /* APIOutput.swift */ = {isa = PBXFileReference; fileEncoding = 4; lastKnownFileType = sourcecode.swift; path = APIOutput.swift; sourceTree = "<group>"; };
		EC460C1024C53A4D00771F34 /* ArrayEncoding.swift */ = {isa = PBXFileReference; fileEncoding = 4; lastKnownFileType = sourcecode.swift; path = ArrayEncoding.swift; sourceTree = "<group>"; };
		EC460C1124C53A4D00771F34 /* APIOutputBase.swift */ = {isa = PBXFileReference; fileEncoding = 4; lastKnownFileType = sourcecode.swift; path = APIOutputBase.swift; sourceTree = "<group>"; };
		EC460C2424C53A5300771F34 /* AppAssembler.swift */ = {isa = PBXFileReference; fileEncoding = 4; lastKnownFileType = sourcecode.swift; path = AppAssembler.swift; sourceTree = "<group>"; };
		EC460C2524C53A5300771F34 /* AppNavigator.swift */ = {isa = PBXFileReference; fileEncoding = 4; lastKnownFileType = sourcecode.swift; path = AppNavigator.swift; sourceTree = "<group>"; };
		EC460C2624C53A5300771F34 /* AppViewModel.swift */ = {isa = PBXFileReference; fileEncoding = 4; lastKnownFileType = sourcecode.swift; path = AppViewModel.swift; sourceTree = "<group>"; };
		EC460C2724C53A5300771F34 /* AppUseCase.swift */ = {isa = PBXFileReference; fileEncoding = 4; lastKnownFileType = sourcecode.swift; path = AppUseCase.swift; sourceTree = "<group>"; };
		EC460C2924C53A5300771F34 /* Storyboard.swift */ = {isa = PBXFileReference; fileEncoding = 4; lastKnownFileType = sourcecode.swift; path = Storyboard.swift; sourceTree = "<group>"; };
		EC460C2E24C53A5300771F34 /* LoginAssembler.swift */ = {isa = PBXFileReference; fileEncoding = 4; lastKnownFileType = sourcecode.swift; path = LoginAssembler.swift; sourceTree = "<group>"; };
		EC460C2F24C53A5300771F34 /* LoginNavigator.swift */ = {isa = PBXFileReference; fileEncoding = 4; lastKnownFileType = sourcecode.swift; path = LoginNavigator.swift; sourceTree = "<group>"; };
		EC460C3024C53A5300771F34 /* LoginViewController.swift */ = {isa = PBXFileReference; fileEncoding = 4; lastKnownFileType = sourcecode.swift; path = LoginViewController.swift; sourceTree = "<group>"; };
		EC460C3124C53A5300771F34 /* LoginInteractor.swift */ = {isa = PBXFileReference; fileEncoding = 4; lastKnownFileType = sourcecode.swift; path = LoginInteractor.swift; sourceTree = "<group>"; };
		EC460C3524C53A5300771F34 /* LoginViewModel.swift */ = {isa = PBXFileReference; fileEncoding = 4; lastKnownFileType = sourcecode.swift; path = LoginViewModel.swift; sourceTree = "<group>"; };
		EC460C4624C53A6300771F34 /* Utilities.swift */ = {isa = PBXFileReference; fileEncoding = 4; lastKnownFileType = sourcecode.swift; path = Utilities.swift; sourceTree = "<group>"; };
		EC460C5924C6971100771F34 /* Login.swift */ = {isa = PBXFileReference; lastKnownFileType = sourcecode.swift; path = Login.swift; sourceTree = "<group>"; };
		EC460C5B24C6976300771F34 /* Login+Mapping.swift */ = {isa = PBXFileReference; lastKnownFileType = sourcecode.swift; path = "Login+Mapping.swift"; sourceTree = "<group>"; };
		EC460C8224C9707400771F34 /* CustomEncoding.swift */ = {isa = PBXFileReference; lastKnownFileType = sourcecode.swift; path = CustomEncoding.swift; sourceTree = "<group>"; };
		EC56F30A24F556CA0098E51F /* TextField+Extension.swift */ = {isa = PBXFileReference; lastKnownFileType = sourcecode.swift; path = "TextField+Extension.swift"; sourceTree = "<group>"; };
		EC56F30E24F559F90098E51F /* en */ = {isa = PBXFileReference; lastKnownFileType = text.plist.strings; name = en; path = en.lproj/AppDoctor.strings; sourceTree = "<group>"; };
		EC7EFCA324D3B94F002AA9F3 /* BarcodeReaderAssembler.swift */ = {isa = PBXFileReference; lastKnownFileType = sourcecode.swift; path = BarcodeReaderAssembler.swift; sourceTree = "<group>"; };
		EC7EFCA424D3B94F002AA9F3 /* BarcodeReaderNavigator.swift */ = {isa = PBXFileReference; lastKnownFileType = sourcecode.swift; path = BarcodeReaderNavigator.swift; sourceTree = "<group>"; };
		EC7EFCA524D3B94F002AA9F3 /* BarcodeReaderViewController.swift */ = {isa = PBXFileReference; lastKnownFileType = sourcecode.swift; path = BarcodeReaderViewController.swift; sourceTree = "<group>"; };
		EC7EFCA624D3B94F002AA9F3 /* BarcodeReaderInteractor.swift */ = {isa = PBXFileReference; lastKnownFileType = sourcecode.swift; path = BarcodeReaderInteractor.swift; sourceTree = "<group>"; };
		EC7EFCA724D3B94F002AA9F3 /* BarcodeReaderViewModel.swift */ = {isa = PBXFileReference; lastKnownFileType = sourcecode.swift; path = BarcodeReaderViewModel.swift; sourceTree = "<group>"; };
		EC7EFCAE24D457C5002AA9F3 /* InformationAssembler.swift */ = {isa = PBXFileReference; lastKnownFileType = sourcecode.swift; path = InformationAssembler.swift; sourceTree = "<group>"; };
		EC7EFCAF24D457C5002AA9F3 /* InformationNavigator.swift */ = {isa = PBXFileReference; lastKnownFileType = sourcecode.swift; path = InformationNavigator.swift; sourceTree = "<group>"; };
		EC7EFCB024D457C5002AA9F3 /* InformationViewController.swift */ = {isa = PBXFileReference; lastKnownFileType = sourcecode.swift; path = InformationViewController.swift; sourceTree = "<group>"; };
		EC7EFCB124D457C5002AA9F3 /* InformationInteractor.swift */ = {isa = PBXFileReference; lastKnownFileType = sourcecode.swift; path = InformationInteractor.swift; sourceTree = "<group>"; };
		EC7EFCB224D457C5002AA9F3 /* InformationViewModel.swift */ = {isa = PBXFileReference; lastKnownFileType = sourcecode.swift; path = InformationViewModel.swift; sourceTree = "<group>"; };
		EC7EFCB924D457F7002AA9F3 /* FinishAssembler.swift */ = {isa = PBXFileReference; lastKnownFileType = sourcecode.swift; path = FinishAssembler.swift; sourceTree = "<group>"; };
		EC7EFCBA24D457F7002AA9F3 /* FinishNavigator.swift */ = {isa = PBXFileReference; lastKnownFileType = sourcecode.swift; path = FinishNavigator.swift; sourceTree = "<group>"; };
		EC7EFCBB24D457F7002AA9F3 /* FinishViewController.swift */ = {isa = PBXFileReference; lastKnownFileType = sourcecode.swift; path = FinishViewController.swift; sourceTree = "<group>"; };
		EC7EFCBC24D457F7002AA9F3 /* FinishInteractor.swift */ = {isa = PBXFileReference; lastKnownFileType = sourcecode.swift; path = FinishInteractor.swift; sourceTree = "<group>"; };
		EC7EFCBD24D457F7002AA9F3 /* FinishViewModel.swift */ = {isa = PBXFileReference; lastKnownFileType = sourcecode.swift; path = FinishViewModel.swift; sourceTree = "<group>"; };
		EC7EFCC424D4582B002AA9F3 /* ServerConfigAssembler.swift */ = {isa = PBXFileReference; lastKnownFileType = sourcecode.swift; path = ServerConfigAssembler.swift; sourceTree = "<group>"; };
		EC7EFCC524D4582B002AA9F3 /* ServerConfigNavigator.swift */ = {isa = PBXFileReference; lastKnownFileType = sourcecode.swift; path = ServerConfigNavigator.swift; sourceTree = "<group>"; };
		EC7EFCC624D4582B002AA9F3 /* ServerConfigViewController.swift */ = {isa = PBXFileReference; lastKnownFileType = sourcecode.swift; path = ServerConfigViewController.swift; sourceTree = "<group>"; };
		EC7EFCC724D4582B002AA9F3 /* ServerConfigInteractor.swift */ = {isa = PBXFileReference; lastKnownFileType = sourcecode.swift; path = ServerConfigInteractor.swift; sourceTree = "<group>"; };
		EC7EFCC824D4582B002AA9F3 /* ServerConfigViewModel.swift */ = {isa = PBXFileReference; lastKnownFileType = sourcecode.swift; path = ServerConfigViewModel.swift; sourceTree = "<group>"; };
		EC7EFCD524D46ACC002AA9F3 /* Receipt.swift */ = {isa = PBXFileReference; lastKnownFileType = sourcecode.swift; path = Receipt.swift; sourceTree = "<group>"; };
		EC7EFCD724D46AF4002AA9F3 /* CustomerInfo.swift */ = {isa = PBXFileReference; lastKnownFileType = sourcecode.swift; path = CustomerInfo.swift; sourceTree = "<group>"; };
		EC7EFCD924D50066002AA9F3 /* API+Receipt.swift */ = {isa = PBXFileReference; lastKnownFileType = sourcecode.swift; path = "API+Receipt.swift"; sourceTree = "<group>"; };
		EC7EFCDB24D500F2002AA9F3 /* Receipt+Mapping.swift */ = {isa = PBXFileReference; lastKnownFileType = sourcecode.swift; path = "Receipt+Mapping.swift"; sourceTree = "<group>"; };
		EC7EFCDD24D52412002AA9F3 /* API+CustomerInfo.swift */ = {isa = PBXFileReference; lastKnownFileType = sourcecode.swift; path = "API+CustomerInfo.swift"; sourceTree = "<group>"; };
		EC7EFCDF24D52486002AA9F3 /* CustomerInfo+Mapping.swift */ = {isa = PBXFileReference; lastKnownFileType = sourcecode.swift; path = "CustomerInfo+Mapping.swift"; sourceTree = "<group>"; };
		EC7EFCE324D65538002AA9F3 /* VerifyAssembler.swift */ = {isa = PBXFileReference; lastKnownFileType = sourcecode.swift; path = VerifyAssembler.swift; sourceTree = "<group>"; };
		EC7EFCE424D65538002AA9F3 /* VerifyNavigator.swift */ = {isa = PBXFileReference; lastKnownFileType = sourcecode.swift; path = VerifyNavigator.swift; sourceTree = "<group>"; };
		EC7EFCE524D65538002AA9F3 /* VerifyViewController.swift */ = {isa = PBXFileReference; lastKnownFileType = sourcecode.swift; path = VerifyViewController.swift; sourceTree = "<group>"; };
		EC7EFCE624D65538002AA9F3 /* VerifyInteractor.swift */ = {isa = PBXFileReference; lastKnownFileType = sourcecode.swift; path = VerifyInteractor.swift; sourceTree = "<group>"; };
		EC7EFCE724D65539002AA9F3 /* VerifyViewModel.swift */ = {isa = PBXFileReference; lastKnownFileType = sourcecode.swift; path = VerifyViewModel.swift; sourceTree = "<group>"; };
		ECD1A96F24F0DF1700960C74 /* vi */ = {isa = PBXFileReference; lastKnownFileType = text.plist.strings; name = vi; path = vi.lproj/LaunchScreen.strings; sourceTree = "<group>"; };
		ECD1A97124F0DF2C00960C74 /* Base */ = {isa = PBXFileReference; lastKnownFileType = file.storyboard; name = Base; path = Base.lproj/AppDoctor.storyboard; sourceTree = "<group>"; };
		ECD1A97624F0DF6500960C74 /* vi */ = {isa = PBXFileReference; lastKnownFileType = text.plist.strings; name = vi; path = vi.lproj/AppDoctor.strings; sourceTree = "<group>"; };
		ECD1A97A24F0E50100960C74 /* en */ = {isa = PBXFileReference; lastKnownFileType = text.plist.strings; name = en; path = en.lproj/Localizable.strings; sourceTree = "<group>"; };
		ECD1A97C24F0E50500960C74 /* vi */ = {isa = PBXFileReference; lastKnownFileType = text.plist.strings; name = vi; path = vi.lproj/Localizable.strings; sourceTree = "<group>"; };
		F54A0CD573EE819DDC390286 /* Pods-BaseProject.debug.xcconfig */ = {isa = PBXFileReference; includeInIndex = 1; lastKnownFileType = text.xcconfig; name = "Pods-BaseProject.debug.xcconfig"; path = "Target Support Files/Pods-BaseProject/Pods-BaseProject.debug.xcconfig"; sourceTree = "<group>"; };
/* End PBXFileReference section */

/* Begin PBXFrameworksBuildPhase section */
		EC460BA824C5395E00771F34 /* Frameworks */ = {
			isa = PBXFrameworksBuildPhase;
			buildActionMask = 2147483647;
			files = (
			);
			runOnlyForDeploymentPostprocessing = 0;
		};
		EC460BC124C5396100771F34 /* Frameworks */ = {
			isa = PBXFrameworksBuildPhase;
			buildActionMask = 2147483647;
			files = (
				CB0B3829BA3A4CE836A550D1 /* Pods_DoctorTestTests.framework in Frameworks */,
			);
			runOnlyForDeploymentPostprocessing = 0;
		};
/* End PBXFrameworksBuildPhase section */

/* Begin PBXGroup section */
		BD691ECACEEAA76295D0E371 /* Pods */ = {
			isa = PBXGroup;
			children = (
				2EC183E6D06A929ECD2D3340 /* Pods-DoctorTest.debug.xcconfig */,
				92CFCD16210B4B902AE9E002 /* Pods-DoctorTest.release.xcconfig */,
				1677AD9B07DBC0EF7CC559C0 /* Pods-DoctorTestTests.debug.xcconfig */,
				91B96FDFF8313EEE87964305 /* Pods-DoctorTestTests.release.xcconfig */,
				F54A0CD573EE819DDC390286 /* Pods-BaseProject.debug.xcconfig */,
				07854FA4C81EBE55FAA38D66 /* Pods-BaseProject.release.xcconfig */,
				A9E0634196BCC3413D18D821 /* Pods-UNIQLO.debug.xcconfig */,
				061203912CC87B888C26ED10 /* Pods-UNIQLO.release.xcconfig */,
			);
			path = Pods;
			sourceTree = "<group>";
		};
		EC460BA224C5395E00771F34 = {
			isa = PBXGroup;
			children = (
				EC460BAD24C5395E00771F34 /* DoctorTest */,
				EC460BC724C5396100771F34 /* DoctorTestTests */,
				EC460BAC24C5395E00771F34 /* Products */,
				BD691ECACEEAA76295D0E371 /* Pods */,
				EF0CFB17F99A6BADE399704B /* Frameworks */,
			);
			sourceTree = "<group>";
		};
		EC460BAC24C5395E00771F34 /* Products */ = {
			isa = PBXGroup;
			children = (
				EC460BAB24C5395E00771F34 /* UNIQLO.app */,
				EC460BC424C5396100771F34 /* DoctorTestTests.xctest */,
			);
			name = Products;
			sourceTree = "<group>";
		};
		EC460BAD24C5395E00771F34 /* DoctorTest */ = {
			isa = PBXGroup;
			children = (
				EC460C4524C53A6300771F34 /* Support */,
				EC460C2224C53A5300771F34 /* Scenes */,
				EC460BFB24C53A4D00771F34 /* NetworkPlatform */,
				EC460BEE24C53A4700771F34 /* Extensions */,
				EC460BE324C53A4000771F34 /* Domain */,
				EC460BE024C53A3B00771F34 /* Constants */,
				EC460BDD24C53A1B00771F34 /* Assembler */,
				EC460BD324C53A0C00771F34 /* Architecture */,
				EC460BAE24C5395E00771F34 /* AppDelegate.swift */,
				EC460BB224C5395E00771F34 /* ViewController.swift */,
				EC460BBA24C5396000771F34 /* Assets.xcassets */,
				EC460BBC24C5396000771F34 /* LaunchScreen.storyboard */,
				EC460BBF24C5396000771F34 /* Info.plist */,
				EC460BB724C5395E00771F34 /* DoctorTest.xcdatamodeld */,
				ECD1A97B24F0E50100960C74 /* Localizable.strings */,
			);
			path = DoctorTest;
			sourceTree = "<group>";
		};
		EC460BC724C5396100771F34 /* DoctorTestTests */ = {
			isa = PBXGroup;
			children = (
				EC460BC824C5396100771F34 /* DoctorTestTests.swift */,
				EC460BCA24C5396100771F34 /* Info.plist */,
			);
			path = DoctorTestTests;
			sourceTree = "<group>";
		};
		EC460BD324C53A0C00771F34 /* Architecture */ = {
			isa = PBXGroup;
			children = (
				EC460BD424C53A0C00771F34 /* ViewModel */,
			);
			path = Architecture;
			sourceTree = "<group>";
		};
		EC460BD424C53A0C00771F34 /* ViewModel */ = {
			isa = PBXGroup;
			children = (
				EC460BD524C53A0C00771F34 /* BindableType.swift */,
				EC460BD624C53A0C00771F34 /* ErrorTracker.swift */,
				EC460BD724C53A0C00771F34 /* ViewModelType.swift */,
			);
			path = ViewModel;
			sourceTree = "<group>";
		};
		EC460BDD24C53A1B00771F34 /* Assembler */ = {
			isa = PBXGroup;
			children = (
				EC460BDE24C53A1B00771F34 /* Assembler.swift */,
			);
			path = Assembler;
			sourceTree = "<group>";
		};
		EC460BE024C53A3B00771F34 /* Constants */ = {
			isa = PBXGroup;
			children = (
				EC460BE124C53A3B00771F34 /* Constants.swift */,
			);
			path = Constants;
			sourceTree = "<group>";
		};
		EC460BE324C53A4000771F34 /* Domain */ = {
			isa = PBXGroup;
			children = (
				EC460BE424C53A4000771F34 /* Entries */,
				EC460BE724C53A4000771F34 /* UseCase */,
			);
			path = Domain;
			sourceTree = "<group>";
		};
		EC460BE424C53A4000771F34 /* Entries */ = {
			isa = PBXGroup;
			children = (
				EC460C5924C6971100771F34 /* Login.swift */,
				EC7EFCD524D46ACC002AA9F3 /* Receipt.swift */,
				EC7EFCD724D46AF4002AA9F3 /* CustomerInfo.swift */,
			);
			path = Entries;
			sourceTree = "<group>";
		};
		EC460BE724C53A4000771F34 /* UseCase */ = {
			isa = PBXGroup;
			children = (
				EC460BE924C53A4000771F34 /* UseCaseType.swift */,
				EC460BE824C53A4000771F34 /* NetworkUseCaseType.swift */,
			);
			path = UseCase;
			sourceTree = "<group>";
		};
		EC460BEE24C53A4700771F34 /* Extensions */ = {
			isa = PBXGroup;
			children = (
				EC460BEF24C53A4700771F34 /* Date+Extension.swift */,
				EC460BF024C53A4700771F34 /* UIViewController+Extension.swift */,
				EC460BF124C53A4700771F34 /* String+Extension.swift */,
				EC460BF224C53A4700771F34 /* UIColor+Ext.swift */,
				EC460BF324C53A4700771F34 /* Observable+.swift */,
				EC460BF424C53A4700771F34 /* UIView+Ext.swift */,
			);
			path = Extensions;
			sourceTree = "<group>";
		};
		EC460BFB24C53A4D00771F34 /* NetworkPlatform */ = {
			isa = PBXGroup;
			children = (
				EC460BFC24C53A4D00771F34 /* Entries */,
				EC460BFF24C53A4D00771F34 /* Repositories */,
				EC460C0424C53A4D00771F34 /* UseCases */,
				EC460C0724C53A4D00771F34 /* Services */,
			);
			path = NetworkPlatform;
			sourceTree = "<group>";
		};
		EC460BFC24C53A4D00771F34 /* Entries */ = {
			isa = PBXGroup;
			children = (
				EC460C5B24C6976300771F34 /* Login+Mapping.swift */,
				EC7EFCDB24D500F2002AA9F3 /* Receipt+Mapping.swift */,
				EC7EFCDF24D52486002AA9F3 /* CustomerInfo+Mapping.swift */,
			);
			path = Entries;
			sourceTree = "<group>";
		};
		EC460BFF24C53A4D00771F34 /* Repositories */ = {
			isa = PBXGroup;
			children = (
				EC460C0024C53A4D00771F34 /* Network */,
			);
			path = Repositories;
			sourceTree = "<group>";
		};
		EC460C0024C53A4D00771F34 /* Network */ = {
			isa = PBXGroup;
			children = (
				EC460C0124C53A4D00771F34 /* NetworkRepository.swift */,
			);
			path = Network;
			sourceTree = "<group>";
		};
		EC460C0424C53A4D00771F34 /* UseCases */ = {
			isa = PBXGroup;
			children = (
				EC460C0624C53A4D00771F34 /* NetworkUseCase.swift */,
			);
			path = UseCases;
			sourceTree = "<group>";
		};
		EC460C0724C53A4D00771F34 /* Services */ = {
			isa = PBXGroup;
			children = (
				EC460C0824C53A4D00771F34 /* API+Login.swift */,
				EC7EFCD924D50066002AA9F3 /* API+Receipt.swift */,
				EC7EFCDD24D52412002AA9F3 /* API+CustomerInfo.swift */,
				EC460C0924C53A4D00771F34 /* API */,
				EC460C8224C9707400771F34 /* CustomEncoding.swift */,
			);
			path = Services;
			sourceTree = "<group>";
		};
		EC460C0924C53A4D00771F34 /* API */ = {
			isa = PBXGroup;
			children = (
				EC460C0A24C53A4D00771F34 /* APIInputBase.swift */,
				EC460C0B24C53A4D00771F34 /* APIError.swift */,
				EC460C0C24C53A4D00771F34 /* APIService.swift */,
				EC460C0D24C53A4D00771F34 /* APIResource.swift */,
				EC460C0E24C53A4D00771F34 /* APIInput.swift */,
				EC460C0F24C53A4D00771F34 /* APIOutput.swift */,
				EC460C1024C53A4D00771F34 /* ArrayEncoding.swift */,
				EC460C1124C53A4D00771F34 /* APIOutputBase.swift */,
			);
			path = API;
			sourceTree = "<group>";
		};
		EC460C2224C53A5300771F34 /* Scenes */ = {
			isa = PBXGroup;
			children = (
				EC7EFCCE24D45973002AA9F3 /* Verify */,
				EC7EFCC324D45813002AA9F3 /* ServerConfig */,
				EC7EFCB824D457E3002AA9F3 /* Finish */,
				EC7EFCAD24D457AB002AA9F3 /* Information */,
				EC7EFCA224D3B932002AA9F3 /* BarcodeReader */,
				EC460C2324C53A5300771F34 /* App */,
				EC460C2824C53A5300771F34 /* Storyboard */,
				EC460C2B24C53A5300771F34 /* Login */,
			);
			path = Scenes;
			sourceTree = "<group>";
		};
		EC460C2324C53A5300771F34 /* App */ = {
			isa = PBXGroup;
			children = (
				EC460C2424C53A5300771F34 /* AppAssembler.swift */,
				EC460C2524C53A5300771F34 /* AppNavigator.swift */,
				EC460C2624C53A5300771F34 /* AppViewModel.swift */,
				EC460C2724C53A5300771F34 /* AppUseCase.swift */,
			);
			path = App;
			sourceTree = "<group>";
		};
		EC460C2824C53A5300771F34 /* Storyboard */ = {
			isa = PBXGroup;
			children = (
				EC460C2924C53A5300771F34 /* Storyboard.swift */,
				ECD1A97224F0DF2C00960C74 /* AppDoctor.storyboard */,
			);
			path = Storyboard;
			sourceTree = "<group>";
		};
		EC460C2B24C53A5300771F34 /* Login */ = {
			isa = PBXGroup;
			children = (
				EC460C2E24C53A5300771F34 /* LoginAssembler.swift */,
				EC460C2F24C53A5300771F34 /* LoginNavigator.swift */,
				EC460C3024C53A5300771F34 /* LoginViewController.swift */,
				EC460C3124C53A5300771F34 /* LoginInteractor.swift */,
				EC460C3524C53A5300771F34 /* LoginViewModel.swift */,
			);
			path = Login;
			sourceTree = "<group>";
		};
		EC460C4524C53A6300771F34 /* Support */ = {
			isa = PBXGroup;
			children = (
				EC460C4624C53A6300771F34 /* Utilities.swift */,
				EC56F30A24F556CA0098E51F /* TextField+Extension.swift */,
			);
			path = Support;
			sourceTree = "<group>";
		};
		EC7EFCA224D3B932002AA9F3 /* BarcodeReader */ = {
			isa = PBXGroup;
			children = (
				EC7EFCA324D3B94F002AA9F3 /* BarcodeReaderAssembler.swift */,
				EC7EFCA424D3B94F002AA9F3 /* BarcodeReaderNavigator.swift */,
				EC7EFCA524D3B94F002AA9F3 /* BarcodeReaderViewController.swift */,
				EC7EFCA624D3B94F002AA9F3 /* BarcodeReaderInteractor.swift */,
				EC7EFCA724D3B94F002AA9F3 /* BarcodeReaderViewModel.swift */,
			);
			path = BarcodeReader;
			sourceTree = "<group>";
		};
		EC7EFCAD24D457AB002AA9F3 /* Information */ = {
			isa = PBXGroup;
			children = (
				EC7EFCAE24D457C5002AA9F3 /* InformationAssembler.swift */,
				EC7EFCAF24D457C5002AA9F3 /* InformationNavigator.swift */,
				EC7EFCB024D457C5002AA9F3 /* InformationViewController.swift */,
				EC7EFCB124D457C5002AA9F3 /* InformationInteractor.swift */,
				EC7EFCB224D457C5002AA9F3 /* InformationViewModel.swift */,
			);
			path = Information;
			sourceTree = "<group>";
		};
		EC7EFCB824D457E3002AA9F3 /* Finish */ = {
			isa = PBXGroup;
			children = (
				EC7EFCB924D457F7002AA9F3 /* FinishAssembler.swift */,
				EC7EFCBA24D457F7002AA9F3 /* FinishNavigator.swift */,
				EC7EFCBB24D457F7002AA9F3 /* FinishViewController.swift */,
				EC7EFCBC24D457F7002AA9F3 /* FinishInteractor.swift */,
				EC7EFCBD24D457F7002AA9F3 /* FinishViewModel.swift */,
			);
			path = Finish;
			sourceTree = "<group>";
		};
		EC7EFCC324D45813002AA9F3 /* ServerConfig */ = {
			isa = PBXGroup;
			children = (
				EC7EFCC424D4582B002AA9F3 /* ServerConfigAssembler.swift */,
				EC7EFCC524D4582B002AA9F3 /* ServerConfigNavigator.swift */,
				EC7EFCC624D4582B002AA9F3 /* ServerConfigViewController.swift */,
				EC7EFCC724D4582B002AA9F3 /* ServerConfigInteractor.swift */,
				EC7EFCC824D4582B002AA9F3 /* ServerConfigViewModel.swift */,
			);
			path = ServerConfig;
			sourceTree = "<group>";
		};
		EC7EFCCE24D45973002AA9F3 /* Verify */ = {
			isa = PBXGroup;
			children = (
				EC7EFCE324D65538002AA9F3 /* VerifyAssembler.swift */,
				EC7EFCE424D65538002AA9F3 /* VerifyNavigator.swift */,
				EC7EFCE524D65538002AA9F3 /* VerifyViewController.swift */,
				EC7EFCE624D65538002AA9F3 /* VerifyInteractor.swift */,
				EC7EFCE724D65539002AA9F3 /* VerifyViewModel.swift */,
			);
			path = Verify;
			sourceTree = "<group>";
		};
		EF0CFB17F99A6BADE399704B /* Frameworks */ = {
			isa = PBXGroup;
			children = (
				1A872D16AD066B1259A27820 /* Pods_DoctorTestTests.framework */,
				A956E5348F929D5F7CB04994 /* Pods_UNIQLO.framework */,
			);
			name = Frameworks;
			sourceTree = "<group>";
		};
/* End PBXGroup section */

/* Begin PBXNativeTarget section */
		EC460BAA24C5395E00771F34 /* UNIQLO */ = {
			isa = PBXNativeTarget;
			buildConfigurationList = EC460BCD24C5396100771F34 /* Build configuration list for PBXNativeTarget "UNIQLO" */;
			buildPhases = (
				41E3882893942D753CC31BD4 /* [CP] Check Pods Manifest.lock */,
				EC460BA724C5395E00771F34 /* Sources */,
				EC460BA824C5395E00771F34 /* Frameworks */,
				EC460BA924C5395E00771F34 /* Resources */,
				EC94447E41D72B799355F7D8 /* [CP] Embed Pods Frameworks */,
			);
			buildRules = (
			);
			dependencies = (
			);
			name = UNIQLO;
			productName = DoctorTest;
			productReference = EC460BAB24C5395E00771F34 /* UNIQLO.app */;
			productType = "com.apple.product-type.application";
		};
		EC460BC324C5396100771F34 /* DoctorTestTests */ = {
			isa = PBXNativeTarget;
			buildConfigurationList = EC460BD024C5396100771F34 /* Build configuration list for PBXNativeTarget "DoctorTestTests" */;
			buildPhases = (
				BFB9369285499231A6D68A7E /* [CP] Check Pods Manifest.lock */,
				EC460BC024C5396100771F34 /* Sources */,
				EC460BC124C5396100771F34 /* Frameworks */,
				EC460BC224C5396100771F34 /* Resources */,
			);
			buildRules = (
			);
			dependencies = (
				EC460BC624C5396100771F34 /* PBXTargetDependency */,
			);
			name = DoctorTestTests;
			productName = DoctorTestTests;
			productReference = EC460BC424C5396100771F34 /* DoctorTestTests.xctest */;
			productType = "com.apple.product-type.bundle.unit-test";
		};
/* End PBXNativeTarget section */

/* Begin PBXProject section */
		EC460BA324C5395E00771F34 /* Project object */ = {
			isa = PBXProject;
			attributes = {
				LastSwiftUpdateCheck = 1150;
				LastUpgradeCheck = 1150;
				ORGANIZATIONNAME = "tan vu";
				TargetAttributes = {
					EC460BAA24C5395E00771F34 = {
						CreatedOnToolsVersion = 11.5;
					};
					EC460BC324C5396100771F34 = {
						CreatedOnToolsVersion = 11.5;
						TestTargetID = EC460BAA24C5395E00771F34;
					};
				};
			};
			buildConfigurationList = EC460BA624C5395E00771F34 /* Build configuration list for PBXProject "DoctorTest" */;
			compatibilityVersion = "Xcode 9.3";
			developmentRegion = en;
			hasScannedForEncodings = 0;
			knownRegions = (
				en,
				Base,
				vi,
			);
			mainGroup = EC460BA224C5395E00771F34;
			productRefGroup = EC460BAC24C5395E00771F34 /* Products */;
			projectDirPath = "";
			projectRoot = "";
			targets = (
				EC460BAA24C5395E00771F34 /* UNIQLO */,
				EC460BC324C5396100771F34 /* DoctorTestTests */,
			);
		};
/* End PBXProject section */

/* Begin PBXResourcesBuildPhase section */
		EC460BA924C5395E00771F34 /* Resources */ = {
			isa = PBXResourcesBuildPhase;
			buildActionMask = 2147483647;
			files = (
				EC460BBE24C5396000771F34 /* LaunchScreen.storyboard in Resources */,
				ECD1A97924F0E50100960C74 /* Localizable.strings in Resources */,
				EC460BBB24C5396000771F34 /* Assets.xcassets in Resources */,
				ECD1A97024F0DF2C00960C74 /* AppDoctor.storyboard in Resources */,
			);
			runOnlyForDeploymentPostprocessing = 0;
		};
		EC460BC224C5396100771F34 /* Resources */ = {
			isa = PBXResourcesBuildPhase;
			buildActionMask = 2147483647;
			files = (
			);
			runOnlyForDeploymentPostprocessing = 0;
		};
/* End PBXResourcesBuildPhase section */

/* Begin PBXShellScriptBuildPhase section */
		41E3882893942D753CC31BD4 /* [CP] Check Pods Manifest.lock */ = {
			isa = PBXShellScriptBuildPhase;
			buildActionMask = 2147483647;
			files = (
			);
			inputFileListPaths = (
			);
			inputPaths = (
				"${PODS_PODFILE_DIR_PATH}/Podfile.lock",
				"${PODS_ROOT}/Manifest.lock",
			);
			name = "[CP] Check Pods Manifest.lock";
			outputFileListPaths = (
			);
			outputPaths = (
				"$(DERIVED_FILE_DIR)/Pods-UNIQLO-checkManifestLockResult.txt",
			);
			runOnlyForDeploymentPostprocessing = 0;
			shellPath = /bin/sh;
			shellScript = "diff \"${PODS_PODFILE_DIR_PATH}/Podfile.lock\" \"${PODS_ROOT}/Manifest.lock\" > /dev/null\nif [ $? != 0 ] ; then\n    # print error to STDERR\n    echo \"error: The sandbox is not in sync with the Podfile.lock. Run 'pod install' or update your CocoaPods installation.\" >&2\n    exit 1\nfi\n# This output is used by Xcode 'outputs' to avoid re-running this script phase.\necho \"SUCCESS\" > \"${SCRIPT_OUTPUT_FILE_0}\"\n";
			showEnvVarsInLog = 0;
		};
		BFB9369285499231A6D68A7E /* [CP] Check Pods Manifest.lock */ = {
			isa = PBXShellScriptBuildPhase;
			buildActionMask = 2147483647;
			files = (
			);
			inputFileListPaths = (
			);
			inputPaths = (
				"${PODS_PODFILE_DIR_PATH}/Podfile.lock",
				"${PODS_ROOT}/Manifest.lock",
			);
			name = "[CP] Check Pods Manifest.lock";
			outputFileListPaths = (
			);
			outputPaths = (
				"$(DERIVED_FILE_DIR)/Pods-DoctorTestTests-checkManifestLockResult.txt",
			);
			runOnlyForDeploymentPostprocessing = 0;
			shellPath = /bin/sh;
			shellScript = "diff \"${PODS_PODFILE_DIR_PATH}/Podfile.lock\" \"${PODS_ROOT}/Manifest.lock\" > /dev/null\nif [ $? != 0 ] ; then\n    # print error to STDERR\n    echo \"error: The sandbox is not in sync with the Podfile.lock. Run 'pod install' or update your CocoaPods installation.\" >&2\n    exit 1\nfi\n# This output is used by Xcode 'outputs' to avoid re-running this script phase.\necho \"SUCCESS\" > \"${SCRIPT_OUTPUT_FILE_0}\"\n";
			showEnvVarsInLog = 0;
		};
		EC94447E41D72B799355F7D8 /* [CP] Embed Pods Frameworks */ = {
			isa = PBXShellScriptBuildPhase;
			buildActionMask = 2147483647;
			files = (
			);
			inputFileListPaths = (
				"${PODS_ROOT}/Target Support Files/Pods-UNIQLO/Pods-UNIQLO-frameworks-${CONFIGURATION}-input-files.xcfilelist",
			);
			name = "[CP] Embed Pods Frameworks";
			outputFileListPaths = (
				"${PODS_ROOT}/Target Support Files/Pods-UNIQLO/Pods-UNIQLO-frameworks-${CONFIGURATION}-output-files.xcfilelist",
			);
			runOnlyForDeploymentPostprocessing = 0;
			shellPath = /bin/sh;
			shellScript = "\"${PODS_ROOT}/Target Support Files/Pods-UNIQLO/Pods-UNIQLO-frameworks.sh\"\n";
			showEnvVarsInLog = 0;
		};
/* End PBXShellScriptBuildPhase section */

/* Begin PBXSourcesBuildPhase section */
		EC460BA724C5395E00771F34 /* Sources */ = {
			isa = PBXSourcesBuildPhase;
			buildActionMask = 2147483647;
			files = (
				EC7EFCDE24D52412002AA9F3 /* API+CustomerInfo.swift in Sources */,
				EC460C5A24C6971100771F34 /* Login.swift in Sources */,
				EC460BF624C53A4700771F34 /* UIViewController+Extension.swift in Sources */,
				EC460C2024C53A4D00771F34 /* ArrayEncoding.swift in Sources */,
				EC7EFCB624D457C5002AA9F3 /* InformationInteractor.swift in Sources */,
				EC460C4324C53A5300771F34 /* LoginViewModel.swift in Sources */,
				EC7EFCAC24D3B94F002AA9F3 /* BarcodeReaderViewModel.swift in Sources */,
				EC460BEC24C53A4000771F34 /* NetworkUseCaseType.swift in Sources */,
				EC7EFCB424D457C5002AA9F3 /* InformationNavigator.swift in Sources */,
				EC7EFCEA24D65539002AA9F3 /* VerifyViewController.swift in Sources */,
				EC460BB324C5395E00771F34 /* ViewController.swift in Sources */,
				EC7EFCAA24D3B94F002AA9F3 /* BarcodeReaderViewController.swift in Sources */,
				EC460BDA24C53A0D00771F34 /* ErrorTracker.swift in Sources */,
				EC7EFCD824D46AF4002AA9F3 /* CustomerInfo.swift in Sources */,
				EC7EFCE924D65539002AA9F3 /* VerifyNavigator.swift in Sources */,
				EC7EFCC024D457F7002AA9F3 /* FinishViewController.swift in Sources */,
				EC460C3E24C53A5300771F34 /* LoginNavigator.swift in Sources */,
				EC7EFCDA24D50066002AA9F3 /* API+Receipt.swift in Sources */,
				EC56F30B24F556CA0098E51F /* TextField+Extension.swift in Sources */,
				EC7EFCB324D457C5002AA9F3 /* InformationAssembler.swift in Sources */,
				EC460C1424C53A4D00771F34 /* NetworkRepository.swift in Sources */,
				EC460C1A24C53A4D00771F34 /* APIInputBase.swift in Sources */,
				EC460BAF24C5395E00771F34 /* AppDelegate.swift in Sources */,
				EC460C3F24C53A5300771F34 /* LoginViewController.swift in Sources */,
				EC7EFCB524D457C5002AA9F3 /* InformationViewController.swift in Sources */,
				EC460BF524C53A4700771F34 /* Date+Extension.swift in Sources */,
				EC7EFCBE24D457F7002AA9F3 /* FinishAssembler.swift in Sources */,
				EC7EFCC224D457F7002AA9F3 /* FinishViewModel.swift in Sources */,
				EC7EFCE024D52486002AA9F3 /* CustomerInfo+Mapping.swift in Sources */,
				EC7EFCAB24D3B94F002AA9F3 /* BarcodeReaderInteractor.swift in Sources */,
				EC460C1924C53A4D00771F34 /* API+Login.swift in Sources */,
				EC460C1E24C53A4D00771F34 /* APIInput.swift in Sources */,
				EC460C4024C53A5300771F34 /* LoginInteractor.swift in Sources */,
				EC460C1D24C53A4D00771F34 /* APIResource.swift in Sources */,
				EC7EFCCB24D4582B002AA9F3 /* ServerConfigViewController.swift in Sources */,
				EC7EFCEC24D65539002AA9F3 /* VerifyViewModel.swift in Sources */,
				EC460BF724C53A4700771F34 /* String+Extension.swift in Sources */,
				EC7EFCD624D46ACC002AA9F3 /* Receipt.swift in Sources */,
				EC7EFCE824D65539002AA9F3 /* VerifyAssembler.swift in Sources */,
				EC7EFCA824D3B94F002AA9F3 /* BarcodeReaderAssembler.swift in Sources */,
				EC460C1F24C53A4D00771F34 /* APIOutput.swift in Sources */,
				EC460C8324C9707400771F34 /* CustomEncoding.swift in Sources */,
				EC460BB924C5395E00771F34 /* DoctorTest.xcdatamodeld in Sources */,
				EC460C3624C53A5300771F34 /* AppAssembler.swift in Sources */,
				EC460BDF24C53A1B00771F34 /* Assembler.swift in Sources */,
				EC460BE224C53A3B00771F34 /* Constants.swift in Sources */,
				EC460C3724C53A5300771F34 /* AppNavigator.swift in Sources */,
				EC460BFA24C53A4700771F34 /* UIView+Ext.swift in Sources */,
				EC460C5C24C6976300771F34 /* Login+Mapping.swift in Sources */,
				EC7EFCCD24D4582B002AA9F3 /* ServerConfigViewModel.swift in Sources */,
				EC7EFCA924D3B94F002AA9F3 /* BarcodeReaderNavigator.swift in Sources */,
				EC7EFCDC24D500F2002AA9F3 /* Receipt+Mapping.swift in Sources */,
				EC460C3A24C53A5300771F34 /* Storyboard.swift in Sources */,
				EC7EFCCA24D4582B002AA9F3 /* ServerConfigNavigator.swift in Sources */,
				EC7EFCBF24D457F7002AA9F3 /* FinishNavigator.swift in Sources */,
				EC460C1824C53A4D00771F34 /* NetworkUseCase.swift in Sources */,
				EC460BF924C53A4700771F34 /* Observable+.swift in Sources */,
				EC460C3824C53A5300771F34 /* AppViewModel.swift in Sources */,
				EC7EFCB724D457C5002AA9F3 /* InformationViewModel.swift in Sources */,
				EC7EFCC924D4582B002AA9F3 /* ServerConfigAssembler.swift in Sources */,
				EC460C3D24C53A5300771F34 /* LoginAssembler.swift in Sources */,
				EC460C1B24C53A4D00771F34 /* APIError.swift in Sources */,
				EC7EFCEB24D65539002AA9F3 /* VerifyInteractor.swift in Sources */,
				EC460BED24C53A4000771F34 /* UseCaseType.swift in Sources */,
				EC460C1C24C53A4D00771F34 /* APIService.swift in Sources */,
				EC460BF824C53A4700771F34 /* UIColor+Ext.swift in Sources */,
				EC460C2124C53A4D00771F34 /* APIOutputBase.swift in Sources */,
				EC460C3924C53A5300771F34 /* AppUseCase.swift in Sources */,
				EC7EFCCC24D4582B002AA9F3 /* ServerConfigInteractor.swift in Sources */,
				EC460BD924C53A0D00771F34 /* BindableType.swift in Sources */,
				EC7EFCC124D457F7002AA9F3 /* FinishInteractor.swift in Sources */,
				EC460C4824C53A6300771F34 /* Utilities.swift in Sources */,
				EC460BDB24C53A0D00771F34 /* ViewModelType.swift in Sources */,
			);
			runOnlyForDeploymentPostprocessing = 0;
		};
		EC460BC024C5396100771F34 /* Sources */ = {
			isa = PBXSourcesBuildPhase;
			buildActionMask = 2147483647;
			files = (
				EC460BC924C5396100771F34 /* DoctorTestTests.swift in Sources */,
			);
			runOnlyForDeploymentPostprocessing = 0;
		};
/* End PBXSourcesBuildPhase section */

/* Begin PBXTargetDependency section */
		EC460BC624C5396100771F34 /* PBXTargetDependency */ = {
			isa = PBXTargetDependency;
			target = EC460BAA24C5395E00771F34 /* UNIQLO */;
			targetProxy = EC460BC524C5396100771F34 /* PBXContainerItemProxy */;
		};
/* End PBXTargetDependency section */

/* Begin PBXVariantGroup section */
		EC460BBC24C5396000771F34 /* LaunchScreen.storyboard */ = {
			isa = PBXVariantGroup;
			children = (
				EC460BBD24C5396000771F34 /* Base */,
				ECD1A96F24F0DF1700960C74 /* vi */,
			);
			name = LaunchScreen.storyboard;
			sourceTree = "<group>";
		};
		ECD1A97224F0DF2C00960C74 /* AppDoctor.storyboard */ = {
			isa = PBXVariantGroup;
			children = (
				ECD1A97124F0DF2C00960C74 /* Base */,
				ECD1A97624F0DF6500960C74 /* vi */,
				EC56F30E24F559F90098E51F /* en */,
			);
			name = AppDoctor.storyboard;
			sourceTree = "<group>";
		};
		ECD1A97B24F0E50100960C74 /* Localizable.strings */ = {
			isa = PBXVariantGroup;
			children = (
				ECD1A97A24F0E50100960C74 /* en */,
				ECD1A97C24F0E50500960C74 /* vi */,
			);
			name = Localizable.strings;
			sourceTree = "<group>";
		};
/* End PBXVariantGroup section */

/* Begin XCBuildConfiguration section */
		EC460BCB24C5396100771F34 /* Debug */ = {
			isa = XCBuildConfiguration;
			buildSettings = {
				ALWAYS_SEARCH_USER_PATHS = NO;
				CLANG_ANALYZER_LOCALIZABILITY_NONLOCALIZED = YES;
				CLANG_ANALYZER_NONNULL = YES;
				CLANG_ANALYZER_NUMBER_OBJECT_CONVERSION = YES_AGGRESSIVE;
				CLANG_CXX_LANGUAGE_STANDARD = "gnu++14";
				CLANG_CXX_LIBRARY = "libc++";
				CLANG_ENABLE_MODULES = YES;
				CLANG_ENABLE_OBJC_ARC = YES;
				CLANG_ENABLE_OBJC_WEAK = YES;
				CLANG_WARN_BLOCK_CAPTURE_AUTORELEASING = YES;
				CLANG_WARN_BOOL_CONVERSION = YES;
				CLANG_WARN_COMMA = YES;
				CLANG_WARN_CONSTANT_CONVERSION = YES;
				CLANG_WARN_DEPRECATED_OBJC_IMPLEMENTATIONS = YES;
				CLANG_WARN_DIRECT_OBJC_ISA_USAGE = YES_ERROR;
				CLANG_WARN_DOCUMENTATION_COMMENTS = YES;
				CLANG_WARN_EMPTY_BODY = YES;
				CLANG_WARN_ENUM_CONVERSION = YES;
				CLANG_WARN_INFINITE_RECURSION = YES;
				CLANG_WARN_INT_CONVERSION = YES;
				CLANG_WARN_NON_LITERAL_NULL_CONVERSION = YES;
				CLANG_WARN_OBJC_IMPLICIT_RETAIN_SELF = YES;
				CLANG_WARN_OBJC_LITERAL_CONVERSION = YES;
				CLANG_WARN_OBJC_ROOT_CLASS = YES_ERROR;
				CLANG_WARN_RANGE_LOOP_ANALYSIS = YES;
				CLANG_WARN_STRICT_PROTOTYPES = YES;
				CLANG_WARN_SUSPICIOUS_MOVE = YES;
				CLANG_WARN_UNGUARDED_AVAILABILITY = YES_AGGRESSIVE;
				CLANG_WARN_UNREACHABLE_CODE = YES;
				CLANG_WARN__DUPLICATE_METHOD_MATCH = YES;
				COPY_PHASE_STRIP = NO;
				DEBUG_INFORMATION_FORMAT = dwarf;
				ENABLE_STRICT_OBJC_MSGSEND = YES;
				ENABLE_TESTABILITY = YES;
				GCC_C_LANGUAGE_STANDARD = gnu11;
				GCC_DYNAMIC_NO_PIC = NO;
				GCC_NO_COMMON_BLOCKS = YES;
				GCC_OPTIMIZATION_LEVEL = 0;
				GCC_PREPROCESSOR_DEFINITIONS = (
					"DEBUG=1",
					"$(inherited)",
				);
				GCC_WARN_64_TO_32_BIT_CONVERSION = YES;
				GCC_WARN_ABOUT_RETURN_TYPE = YES_ERROR;
				GCC_WARN_UNDECLARED_SELECTOR = YES;
				GCC_WARN_UNINITIALIZED_AUTOS = YES_AGGRESSIVE;
				GCC_WARN_UNUSED_FUNCTION = YES;
				GCC_WARN_UNUSED_VARIABLE = YES;
				IPHONEOS_DEPLOYMENT_TARGET = 13.5;
				MTL_ENABLE_DEBUG_INFO = INCLUDE_SOURCE;
				MTL_FAST_MATH = YES;
				ONLY_ACTIVE_ARCH = YES;
				SDKROOT = iphoneos;
				SWIFT_ACTIVE_COMPILATION_CONDITIONS = DEBUG;
				SWIFT_OPTIMIZATION_LEVEL = "-Onone";
			};
			name = Debug;
		};
		EC460BCC24C5396100771F34 /* Release */ = {
			isa = XCBuildConfiguration;
			buildSettings = {
				ALWAYS_SEARCH_USER_PATHS = NO;
				CLANG_ANALYZER_LOCALIZABILITY_NONLOCALIZED = YES;
				CLANG_ANALYZER_NONNULL = YES;
				CLANG_ANALYZER_NUMBER_OBJECT_CONVERSION = YES_AGGRESSIVE;
				CLANG_CXX_LANGUAGE_STANDARD = "gnu++14";
				CLANG_CXX_LIBRARY = "libc++";
				CLANG_ENABLE_MODULES = YES;
				CLANG_ENABLE_OBJC_ARC = YES;
				CLANG_ENABLE_OBJC_WEAK = YES;
				CLANG_WARN_BLOCK_CAPTURE_AUTORELEASING = YES;
				CLANG_WARN_BOOL_CONVERSION = YES;
				CLANG_WARN_COMMA = YES;
				CLANG_WARN_CONSTANT_CONVERSION = YES;
				CLANG_WARN_DEPRECATED_OBJC_IMPLEMENTATIONS = YES;
				CLANG_WARN_DIRECT_OBJC_ISA_USAGE = YES_ERROR;
				CLANG_WARN_DOCUMENTATION_COMMENTS = YES;
				CLANG_WARN_EMPTY_BODY = YES;
				CLANG_WARN_ENUM_CONVERSION = YES;
				CLANG_WARN_INFINITE_RECURSION = YES;
				CLANG_WARN_INT_CONVERSION = YES;
				CLANG_WARN_NON_LITERAL_NULL_CONVERSION = YES;
				CLANG_WARN_OBJC_IMPLICIT_RETAIN_SELF = YES;
				CLANG_WARN_OBJC_LITERAL_CONVERSION = YES;
				CLANG_WARN_OBJC_ROOT_CLASS = YES_ERROR;
				CLANG_WARN_RANGE_LOOP_ANALYSIS = YES;
				CLANG_WARN_STRICT_PROTOTYPES = YES;
				CLANG_WARN_SUSPICIOUS_MOVE = YES;
				CLANG_WARN_UNGUARDED_AVAILABILITY = YES_AGGRESSIVE;
				CLANG_WARN_UNREACHABLE_CODE = YES;
				CLANG_WARN__DUPLICATE_METHOD_MATCH = YES;
				COPY_PHASE_STRIP = NO;
				DEBUG_INFORMATION_FORMAT = "dwarf-with-dsym";
				ENABLE_NS_ASSERTIONS = NO;
				ENABLE_STRICT_OBJC_MSGSEND = YES;
				GCC_C_LANGUAGE_STANDARD = gnu11;
				GCC_NO_COMMON_BLOCKS = YES;
				GCC_WARN_64_TO_32_BIT_CONVERSION = YES;
				GCC_WARN_ABOUT_RETURN_TYPE = YES_ERROR;
				GCC_WARN_UNDECLARED_SELECTOR = YES;
				GCC_WARN_UNINITIALIZED_AUTOS = YES_AGGRESSIVE;
				GCC_WARN_UNUSED_FUNCTION = YES;
				GCC_WARN_UNUSED_VARIABLE = YES;
				IPHONEOS_DEPLOYMENT_TARGET = 13.5;
				MTL_ENABLE_DEBUG_INFO = NO;
				MTL_FAST_MATH = YES;
				SDKROOT = iphoneos;
				SWIFT_COMPILATION_MODE = wholemodule;
				SWIFT_OPTIMIZATION_LEVEL = "-O";
				VALIDATE_PRODUCT = YES;
			};
			name = Release;
		};
		EC460BCE24C5396100771F34 /* Debug */ = {
			isa = XCBuildConfiguration;
			baseConfigurationReference = A9E0634196BCC3413D18D821 /* Pods-UNIQLO.debug.xcconfig */;
			buildSettings = {
				ASSETCATALOG_COMPILER_APPICON_NAME = AppIcon;
				CODE_SIGN_IDENTITY = "iPhone Distribution";
				CODE_SIGN_STYLE = Manual;
				CURRENT_PROJECT_VERSION = 12;
				DEVELOPMENT_TEAM = WV2K63BU2A;
				INFOPLIST_FILE = DoctorTest/Info.plist;
				IPHONEOS_DEPLOYMENT_TARGET = 12.4;
				LD_RUNPATH_SEARCH_PATHS = (
					"$(inherited)",
					"@executable_path/Frameworks",
				);
				PRODUCT_BUNDLE_IDENTIFIER = com.lado.uniqlo;
				PRODUCT_NAME = "$(TARGET_NAME)";
				PROVISIONING_PROFILE_SPECIFIER = dis_2;
				SWIFT_VERSION = 5.0;
				TARGETED_DEVICE_FAMILY = "1,2";
			};
			name = Debug;
		};
		EC460BCF24C5396100771F34 /* Release */ = {
			isa = XCBuildConfiguration;
			baseConfigurationReference = 061203912CC87B888C26ED10 /* Pods-UNIQLO.release.xcconfig */;
			buildSettings = {
				ASSETCATALOG_COMPILER_APPICON_NAME = AppIcon;
				CODE_SIGN_IDENTITY = "iPhone Distribution";
				CODE_SIGN_STYLE = Manual;
				CURRENT_PROJECT_VERSION = 12;
				DEVELOPMENT_TEAM = WV2K63BU2A;
				INFOPLIST_FILE = DoctorTest/Info.plist;
				IPHONEOS_DEPLOYMENT_TARGET = 12.4;
				LD_RUNPATH_SEARCH_PATHS = (
					"$(inherited)",
					"@executable_path/Frameworks",
				);
				PRODUCT_BUNDLE_IDENTIFIER = com.lado.uniqlo;
				PRODUCT_NAME = "$(TARGET_NAME)";
				PROVISIONING_PROFILE_SPECIFIER = dis_2;
				SWIFT_VERSION = 5.0;
				TARGETED_DEVICE_FAMILY = "1,2";
			};
			name = Release;
		};
		EC460BD124C5396100771F34 /* Debug */ = {
			isa = XCBuildConfiguration;
			baseConfigurationReference = 1677AD9B07DBC0EF7CC559C0 /* Pods-DoctorTestTests.debug.xcconfig */;
			buildSettings = {
				ALWAYS_EMBED_SWIFT_STANDARD_LIBRARIES = YES;
				BUNDLE_LOADER = "$(TEST_HOST)";
				CODE_SIGN_STYLE = Automatic;
				DEVELOPMENT_TEAM = 295283YKBX;
				INFOPLIST_FILE = DoctorTestTests/Info.plist;
				IPHONEOS_DEPLOYMENT_TARGET = 13.5;
				LD_RUNPATH_SEARCH_PATHS = (
					"$(inherited)",
					"@executable_path/Frameworks",
					"@loader_path/Frameworks",
				);
				PRODUCT_BUNDLE_IDENTIFIER = tan.vu.DoctorTestTests;
				PRODUCT_NAME = "$(TARGET_NAME)";
				SWIFT_VERSION = 5.0;
				TARGETED_DEVICE_FAMILY = "1,2";
				TEST_HOST = "$(BUILT_PRODUCTS_DIR)/DoctorTest.app/DoctorTest";
			};
			name = Debug;
		};
		EC460BD224C5396100771F34 /* Release */ = {
			isa = XCBuildConfiguration;
			baseConfigurationReference = 91B96FDFF8313EEE87964305 /* Pods-DoctorTestTests.release.xcconfig */;
			buildSettings = {
				ALWAYS_EMBED_SWIFT_STANDARD_LIBRARIES = YES;
				BUNDLE_LOADER = "$(TEST_HOST)";
				CODE_SIGN_STYLE = Automatic;
				DEVELOPMENT_TEAM = 295283YKBX;
				INFOPLIST_FILE = DoctorTestTests/Info.plist;
				IPHONEOS_DEPLOYMENT_TARGET = 13.5;
				LD_RUNPATH_SEARCH_PATHS = (
					"$(inherited)",
					"@executable_path/Frameworks",
					"@loader_path/Frameworks",
				);
				PRODUCT_BUNDLE_IDENTIFIER = tan.vu.DoctorTestTests;
				PRODUCT_NAME = "$(TARGET_NAME)";
				SWIFT_VERSION = 5.0;
				TARGETED_DEVICE_FAMILY = "1,2";
				TEST_HOST = "$(BUILT_PRODUCTS_DIR)/DoctorTest.app/DoctorTest";
			};
			name = Release;
		};
/* End XCBuildConfiguration section */

/* Begin XCConfigurationList section */
		EC460BA624C5395E00771F34 /* Build configuration list for PBXProject "DoctorTest" */ = {
			isa = XCConfigurationList;
			buildConfigurations = (
				EC460BCB24C5396100771F34 /* Debug */,
				EC460BCC24C5396100771F34 /* Release */,
			);
			defaultConfigurationIsVisible = 0;
			defaultConfigurationName = Release;
		};
		EC460BCD24C5396100771F34 /* Build configuration list for PBXNativeTarget "UNIQLO" */ = {
			isa = XCConfigurationList;
			buildConfigurations = (
				EC460BCE24C5396100771F34 /* Debug */,
				EC460BCF24C5396100771F34 /* Release */,
			);
			defaultConfigurationIsVisible = 0;
			defaultConfigurationName = Release;
		};
		EC460BD024C5396100771F34 /* Build configuration list for PBXNativeTarget "DoctorTestTests" */ = {
			isa = XCConfigurationList;
			buildConfigurations = (
				EC460BD124C5396100771F34 /* Debug */,
				EC460BD224C5396100771F34 /* Release */,
			);
			defaultConfigurationIsVisible = 0;
			defaultConfigurationName = Release;
		};
/* End XCConfigurationList section */

/* Begin XCVersionGroup section */
		EC460BB724C5395E00771F34 /* DoctorTest.xcdatamodeld */ = {
			isa = XCVersionGroup;
			children = (
				EC460BB824C5395E00771F34 /* DoctorTest.xcdatamodel */,
			);
			currentVersion = EC460BB824C5395E00771F34 /* DoctorTest.xcdatamodel */;
			path = DoctorTest.xcdatamodeld;
			sourceTree = "<group>";
			versionGroupType = wrapper.xcdatamodel;
		};
/* End XCVersionGroup section */
	};
	rootObject = EC460BA324C5395E00771F34 /* Project object */;
}
